{
  "version": 4,
  "terraform_version": "1.8.3",
  "serial": 171,
  "lineage": "6a35feb3-d29e-8b34-211b-c07f00908e7e",
  "outputs": {},
  "resources": [
    {
      "module": "module.compute",
      "mode": "data",
      "type": "aws_caller_identity",
      "name": "current",
      "provider": "provider[\"registry.terraform.io/hashicorp/aws\"]",
      "instances": [
        {
          "schema_version": 0,
          "attributes": {
            "account_id": "555750989087",
            "arn": "arn:aws:iam::555750989087:user/w74751",
            "id": "555750989087",
            "user_id": "AIDAYCZKXDUPU5EUJMHJT"
          },
          "sensitive_attributes": []
        }
      ]
    },
    {
      "module": "module.compute",
      "mode": "managed",
      "type": "aws_cloudwatch_log_group",
      "name": "fargate_ecs_task",
      "provider": "provider[\"registry.terraform.io/hashicorp/aws\"]",
      "instances": [
        {
          "schema_version": 0,
          "attributes": {
            "arn": "arn:aws:logs:ap-southeast-2:555750989087:log-group:/ecs/sample-dev-fargate-ecs-task",
            "id": "/ecs/sample-dev-fargate-ecs-task",
            "kms_key_id": "",
            "log_group_class": "STANDARD",
            "name": "/ecs/sample-dev-fargate-ecs-task",
            "name_prefix": "",
            "retention_in_days": 30,
            "skip_destroy": false,
            "tags": {},
            "tags_all": {}
          },
          "sensitive_attributes": [],
          "private": "bnVsbA=="
        }
      ]
    },
    {
      "module": "module.compute",
      "mode": "managed",
      "type": "aws_codecommit_repository",
      "name": "this",
      "provider": "provider[\"registry.terraform.io/hashicorp/aws\"]",
      "instances": [
        {
          "schema_version": 0,
          "attributes": {
            "arn": "arn:aws:codecommit:ap-southeast-2:555750989087:sample-dev-ecs-deployment",
            "clone_url_http": "https://git-codecommit.ap-southeast-2.amazonaws.com/v1/repos/sample-dev-ecs-deployment",
            "clone_url_ssh": "ssh://git-codecommit.ap-southeast-2.amazonaws.com/v1/repos/sample-dev-ecs-deployment",
            "default_branch": null,
            "description": "Repository for ECS deployment configuration",
            "id": "sample-dev-ecs-deployment",
            "kms_key_id": "arn:aws:kms:ap-southeast-2:555750989087:key/0edeb04c-885c-4a33-9fae-06c791560d73",
            "repository_id": "692602a9-9686-4eed-bba3-b0f4a2940e8f",
            "repository_name": "sample-dev-ecs-deployment",
            "tags": {},
            "tags_all": {}
          },
          "sensitive_attributes": [],
          "private": "bnVsbA=="
        }
      ]
    },
    {
      "module": "module.compute",
      "mode": "managed",
      "type": "aws_codedeploy_app",
      "name": "this",
      "provider": "provider[\"registry.terraform.io/hashicorp/aws\"]",
      "instances": [
        {
          "schema_version": 0,
          "attributes": {
            "application_id": "5fbc7951-f530-4c92-adf2-4e9871bee002",
            "arn": "arn:aws:codedeploy:ap-southeast-2:555750989087:application:AppECS-sample-dev-fargate-ecs-cluster-sample-dev-fargate-ecs-service",
            "compute_platform": "ECS",
            "github_account_name": "",
            "id": "5fbc7951-f530-4c92-adf2-4e9871bee002:AppECS-sample-dev-fargate-ecs-cluster-sample-dev-fargate-ecs-service",
            "linked_to_github": false,
            "name": "AppECS-sample-dev-fargate-ecs-cluster-sample-dev-fargate-ecs-service",
            "tags": {},
            "tags_all": {}
          },
          "sensitive_attributes": [],
          "private": "bnVsbA=="
        }
      ]
    },
    {
      "module": "module.compute",
      "mode": "managed",
      "type": "aws_codedeploy_deployment_group",
      "name": "this",
      "provider": "provider[\"registry.terraform.io/hashicorp/aws\"]",
      "instances": [
        {
          "schema_version": 0,
          "attributes": {
            "alarm_configuration": [],
            "app_name": "AppECS-sample-dev-fargate-ecs-cluster-sample-dev-fargate-ecs-service",
            "arn": "arn:aws:codedeploy:ap-southeast-2:555750989087:deploymentgroup:AppECS-sample-dev-fargate-ecs-cluster-sample-dev-fargate-ecs-service/DgpECS-sample-dev-fargate-ecs-cluster-sample-dev-fargate-ecs-service",
            "auto_rollback_configuration": [
              {
                "enabled": true,
                "events": [
                  "DEPLOYMENT_FAILURE"
                ]
              }
            ],
            "autoscaling_groups": [],
            "blue_green_deployment_config": [
              {
                "deployment_ready_option": [
                  {
                    "action_on_timeout": "STOP_DEPLOYMENT",
                    "wait_time_in_minutes": 1440
                  }
                ],
                "green_fleet_provisioning_option": [],
                "terminate_blue_instances_on_deployment_success": [
                  {
                    "action": "TERMINATE",
                    "termination_wait_time_in_minutes": 1440
                  }
                ]
              }
            ],
            "compute_platform": "ECS",
            "deployment_config_name": "CodeDeployDefault.ECSAllAtOnce",
            "deployment_group_id": "ae2188d2-04a5-4786-b57b-204968354543",
            "deployment_group_name": "DgpECS-sample-dev-fargate-ecs-cluster-sample-dev-fargate-ecs-service",
            "deployment_style": [
              {
                "deployment_option": "WITH_TRAFFIC_CONTROL",
                "deployment_type": "BLUE_GREEN"
              }
            ],
            "ec2_tag_filter": [],
            "ec2_tag_set": [],
            "ecs_service": [
              {
                "cluster_name": "sample-dev-fargate-ecs-cluster",
                "service_name": "sample-dev-fargate-ecs-service"
              }
            ],
            "id": "ae2188d2-04a5-4786-b57b-204968354543",
            "load_balancer_info": [
              {
                "elb_info": [],
                "target_group_info": [],
                "target_group_pair_info": [
                  {
                    "prod_traffic_route": [
                      {
                        "listener_arns": [
                          "arn:aws:elasticloadbalancing:ap-southeast-2:555750989087:listener/app/sample-dev-alb/58f4ad471fbffbc7/e3f82350bf4013b3"
                        ]
                      }
                    ],
                    "target_group": [
                      {
                        "name": "sample-dev-fargate-tg01"
                      },
                      {
                        "name": "sample-dev-fargate-tg02"
                      }
                    ],
                    "test_traffic_route": [
                      {
                        "listener_arns": [
                          "arn:aws:elasticloadbalancing:ap-southeast-2:555750989087:listener/app/sample-dev-alb/58f4ad471fbffbc7/4fc0d23b2f190a4d"
                        ]
                      }
                    ]
                  }
                ]
              }
            ],
            "on_premises_instance_tag_filter": [],
            "outdated_instances_strategy": "UPDATE",
            "service_role_arn": "arn:aws:iam::555750989087:role/sample-AWSCodeDeployRoleForECS",
            "tags": {},
            "tags_all": {},
            "termination_hook_enabled": false,
            "trigger_configuration": []
          },
          "sensitive_attributes": [],
          "private": "bnVsbA==",
          "dependencies": [
            "module.compute.aws_cloudwatch_log_group.fargate_ecs_task",
            "module.compute.aws_codedeploy_app.this",
            "module.compute.aws_ecs_cluster.fargate",
            "module.compute.aws_ecs_service.fargate",
            "module.compute.aws_ecs_task_definition.fargate",
            "module.compute.aws_efs_file_system.main",
            "module.compute.aws_iam_role.AWSCodeDeployRoleForECS",
            "module.compute.aws_iam_role.ECSTaskExecution",
            "module.compute.aws_iam_role.fargate_ecs_task",
            "module.network.aws_lb.alb",
            "module.network.aws_lb_listener.alb_80",
            "module.network.aws_lb_listener.alb_8080",
            "module.network.aws_lb_target_group.fargate01",
            "module.network.aws_lb_target_group.fargate02",
            "module.network.aws_security_group.alb",
            "module.network.aws_security_group.fargate_ecs_task",
            "module.network.aws_subnet.protected_a",
            "module.network.aws_subnet.protected_c",
            "module.network.aws_subnet.public_a",
            "module.network.aws_subnet.public_c",
            "module.network.aws_vpc.this"
          ]
        }
      ]
    },
    {
      "module": "module.compute",
      "mode": "managed",
      "type": "aws_codepipeline",
      "name": "this",
      "provider": "provider[\"registry.terraform.io/hashicorp/aws\"]",
      "instances": [
        {
          "schema_version": 0,
          "attributes": {
            "arn": "arn:aws:codepipeline:ap-southeast-2:555750989087:sample-dev-ecs-pipeline",
            "artifact_store": [
              {
                "encryption_key": [],
                "location": "sample-dev-artifact-bucket-555750989087",
                "region": "",
                "type": "S3"
              }
            ],
            "execution_mode": "SUPERSEDED",
            "id": "sample-dev-ecs-pipeline",
            "name": "sample-dev-ecs-pipeline",
            "pipeline_type": "V1",
            "role_arn": "arn:aws:iam::555750989087:role/sample-dev-codepipeline-service-role",
            "stage": [
              {
                "action": [
                  {
                    "category": "Source",
                    "configuration": {
                      "BranchName": "main",
                      "RepositoryName": "sample-dev-ecs-deployment"
                    },
                    "input_artifacts": [],
                    "name": "Source",
                    "namespace": "",
                    "output_artifacts": [
                      "source_output"
                    ],
                    "owner": "AWS",
                    "provider": "CodeCommit",
                    "region": "",
                    "role_arn": "",
                    "run_order": 1,
                    "timeout_in_minutes": 0,
                    "version": "1"
                  }
                ],
                "before_entry": [],
                "name": "Source",
                "on_failure": [],
                "on_success": []
              },
              {
                "action": [
                  {
                    "category": "Deploy",
                    "configuration": {
                      "ApplicationName": "AppECS-sample-dev-fargate-ecs-cluster-sample-dev-fargate-ecs-service",
                      "DeploymentGroupName": "DgpECS-sample-dev-fargate-ecs-cluster-sample-dev-fargate-ecs-service"
                    },
                    "input_artifacts": [
                      "source_output"
                    ],
                    "name": "Deploy",
                    "namespace": "",
                    "output_artifacts": [],
                    "owner": "AWS",
                    "provider": "CodeDeploy",
                    "region": "",
                    "role_arn": "",
                    "run_order": 1,
                    "timeout_in_minutes": 0,
                    "version": "1"
                  }
                ],
                "before_entry": [],
                "name": "Deploy",
                "on_failure": [],
                "on_success": []
              }
            ],
            "tags": {},
            "tags_all": {},
            "trigger": [],
            "trigger_all": [],
            "variable": []
          },
          "sensitive_attributes": [],
          "private": "bnVsbA==",
          "dependencies": [
            "module.compute.aws_cloudwatch_log_group.fargate_ecs_task",
            "module.compute.aws_codedeploy_app.this",
            "module.compute.aws_codedeploy_deployment_group.this",
            "module.compute.aws_ecs_cluster.fargate",
            "module.compute.aws_ecs_service.fargate",
            "module.compute.aws_ecs_task_definition.fargate",
            "module.compute.aws_efs_file_system.main",
            "module.compute.aws_iam_role.AWSCodeDeployRoleForECS",
            "module.compute.aws_iam_role.ECSTaskExecution",
            "module.compute.aws_iam_role.codepipeline_service",
            "module.compute.aws_iam_role.fargate_ecs_task",
            "module.compute.aws_s3_bucket.artifact",
            "module.compute.data.aws_caller_identity.current",
            "module.network.aws_lb.alb",
            "module.network.aws_lb_listener.alb_80",
            "module.network.aws_lb_listener.alb_8080",
            "module.network.aws_lb_target_group.fargate01",
            "module.network.aws_lb_target_group.fargate02",
            "module.network.aws_security_group.alb",
            "module.network.aws_security_group.fargate_ecs_task",
            "module.network.aws_subnet.protected_a",
            "module.network.aws_subnet.protected_c",
            "module.network.aws_subnet.public_a",
            "module.network.aws_subnet.public_c",
            "module.network.aws_vpc.this"
          ]
        }
      ]
    },
    {
      "module": "module.compute",
      "mode": "managed",
      "type": "aws_ecs_cluster",
      "name": "fargate",
      "provider": "provider[\"registry.terraform.io/hashicorp/aws\"]",
      "instances": [
        {
          "schema_version": 0,
          "attributes": {
            "arn": "arn:aws:ecs:ap-southeast-2:555750989087:cluster/sample-dev-fargate-ecs-cluster",
            "configuration": [],
            "id": "arn:aws:ecs:ap-southeast-2:555750989087:cluster/sample-dev-fargate-ecs-cluster",
            "name": "sample-dev-fargate-ecs-cluster",
            "service_connect_defaults": [],
            "setting": [
              {
                "name": "containerInsights",
                "value": "disabled"
              }
            ],
            "tags": {},
            "tags_all": {}
          },
          "sensitive_attributes": [],
          "private": "bnVsbA=="
        }
      ]
    },
    {
      "module": "module.compute",
      "mode": "managed",
      "type": "aws_ecs_service",
      "name": "fargate",
      "provider": "provider[\"registry.terraform.io/hashicorp/aws\"]",
      "instances": [
        {
          "schema_version": 1,
          "attributes": {
            "alarms": [],
            "availability_zone_rebalancing": "DISABLED",
            "capacity_provider_strategy": [],
            "cluster": "arn:aws:ecs:ap-southeast-2:555750989087:cluster/sample-dev-fargate-ecs-cluster",
            "deployment_circuit_breaker": [],
            "deployment_controller": [
              {
                "type": "CODE_DEPLOY"
              }
            ],
            "deployment_maximum_percent": 200,
            "deployment_minimum_healthy_percent": 100,
            "desired_count": 1,
            "enable_ecs_managed_tags": false,
            "enable_execute_command": true,
            "force_delete": null,
            "force_new_deployment": null,
            "health_check_grace_period_seconds": 0,
            "iam_role": "/aws-service-role/ecs.amazonaws.com/AWSServiceRoleForECS",
            "id": "arn:aws:ecs:ap-southeast-2:555750989087:service/sample-dev-fargate-ecs-cluster/sample-dev-fargate-ecs-service",
            "launch_type": "FARGATE",
            "load_balancer": [
              {
                "container_name": "sample-container",
                "container_port": 80,
                "elb_name": "",
                "target_group_arn": "arn:aws:elasticloadbalancing:ap-southeast-2:555750989087:targetgroup/sample-dev-fargate-tg01/17d7f5b0a0be53ca"
              }
            ],
            "name": "sample-dev-fargate-ecs-service",
            "network_configuration": [
              {
                "assign_public_ip": false,
                "security_groups": [
                  "sg-0b767ed6aec3dcf26"
                ],
                "subnets": [
                  "subnet-00354107b47f541d8",
                  "subnet-07cdc8f5ca3123b2b"
                ]
              }
            ],
            "ordered_placement_strategy": [],
            "placement_constraints": [],
            "platform_version": "1.4.0",
            "propagate_tags": "NONE",
            "scheduling_strategy": "REPLICA",
            "service_connect_configuration": [],
            "service_registries": [],
            "tags": {},
            "tags_all": {},
            "task_definition": "arn:aws:ecs:ap-southeast-2:555750989087:task-definition/sample-dev-fargate-ecs-task:2",
            "timeouts": null,
            "triggers": {},
            "volume_configuration": [],
            "vpc_lattice_configurations": [],
            "wait_for_steady_state": false
          },
          "sensitive_attributes": [],
          "private": "eyJlMmJmYjczMC1lY2FhLTExZTYtOGY4OC0zNDM2M2JjN2M0YzAiOnsiY3JlYXRlIjoxMjAwMDAwMDAwMDAwLCJkZWxldGUiOjEyMDAwMDAwMDAwMDAsInVwZGF0ZSI6MTIwMDAwMDAwMDAwMH0sInNjaGVtYV92ZXJzaW9uIjoiMSJ9",
          "dependencies": [
            "module.compute.aws_cloudwatch_log_group.fargate_ecs_task",
            "module.compute.aws_ecs_cluster.fargate",
            "module.compute.aws_ecs_task_definition.fargate",
            "module.compute.aws_efs_file_system.main",
            "module.compute.aws_iam_role.ECSTaskExecution",
            "module.compute.aws_iam_role.fargate_ecs_task",
            "module.network.aws_lb_target_group.fargate01",
            "module.network.aws_lb_target_group.fargate02",
            "module.network.aws_security_group.alb",
            "module.network.aws_security_group.fargate_ecs_task",
            "module.network.aws_subnet.protected_a",
            "module.network.aws_subnet.protected_c",
            "module.network.aws_subnet.public_a",
            "module.network.aws_subnet.public_c",
            "module.network.aws_vpc.this"
          ]
        }
      ]
    },
    {
      "module": "module.compute",
      "mode": "managed",
      "type": "aws_ecs_task_definition",
      "name": "fargate",
      "provider": "provider[\"registry.terraform.io/hashicorp/aws\"]",
      "instances": [
        {
          "schema_version": 1,
          "attributes": {
            "arn": "arn:aws:ecs:ap-southeast-2:555750989087:task-definition/sample-dev-fargate-ecs-task:2",
            "arn_without_revision": "arn:aws:ecs:ap-southeast-2:555750989087:task-definition/sample-dev-fargate-ecs-task",
            "container_definitions": "[{\"cpu\":256,\"environment\":[],\"essential\":true,\"image\":\"nginx:latest\",\"logConfiguration\":{\"logDriver\":\"awslogs\",\"options\":{\"awslogs-group\":\"/ecs/sample-dev-fargate-ecs-task\",\"awslogs-region\":\"ap-southeast-2\",\"awslogs-stream-prefix\":\"ecs\"}},\"memory\":512,\"mountPoints\":[{\"containerPath\":\"/mnt/efs\",\"readOnly\":false,\"sourceVolume\":\"efs-volume\"}],\"name\":\"sample-container\",\"portMappings\":[{\"containerPort\":80,\"hostPort\":80,\"protocol\":\"tcp\"}],\"systemControls\":[],\"volumesFrom\":[]}]",
            "cpu": "256",
            "enable_fault_injection": false,
            "ephemeral_storage": [],
            "execution_role_arn": "arn:aws:iam::555750989087:role/sample-AmazonECSTaskExecutionRole",
            "family": "sample-dev-fargate-ecs-task",
            "id": "sample-dev-fargate-ecs-task",
            "inference_accelerator": [],
            "ipc_mode": "",
            "memory": "512",
            "network_mode": "awsvpc",
            "pid_mode": "",
            "placement_constraints": [],
            "proxy_configuration": [],
            "requires_compatibilities": [
              "FARGATE"
            ],
            "revision": 2,
            "runtime_platform": [],
            "skip_destroy": false,
            "tags": {},
            "tags_all": {},
            "task_role_arn": "arn:aws:iam::555750989087:role/sample-dev-fargate-ecs-task-role",
            "track_latest": false,
            "volume": [
              {
                "configure_at_launch": false,
                "docker_volume_configuration": [],
                "efs_volume_configuration": [
                  {
                    "authorization_config": [
                      {
                        "access_point_id": "",
                        "iam": "ENABLED"
                      }
                    ],
                    "file_system_id": "fs-05bb6cdbe3463a7a1",
                    "root_directory": "/",
                    "transit_encryption": "ENABLED",
                    "transit_encryption_port": 0
                  }
                ],
                "fsx_windows_file_server_volume_configuration": [],
                "host_path": "",
                "name": "efs-volume"
              }
            ]
          },
          "sensitive_attributes": [],
          "private": "eyJzY2hlbWFfdmVyc2lvbiI6IjEifQ==",
          "dependencies": [
            "module.compute.aws_cloudwatch_log_group.fargate_ecs_task",
            "module.compute.aws_efs_file_system.main",
            "module.compute.aws_iam_role.ECSTaskExecution",
            "module.compute.aws_iam_role.fargate_ecs_task"
          ]
        }
      ]
    },
    {
      "module": "module.compute",
      "mode": "managed",
      "type": "aws_efs_file_system",
      "name": "main",
      "provider": "provider[\"registry.terraform.io/hashicorp/aws\"]",
      "instances": [
        {
          "schema_version": 0,
          "attributes": {
            "arn": "arn:aws:elasticfilesystem:ap-southeast-2:555750989087:file-system/fs-05bb6cdbe3463a7a1",
            "availability_zone_id": "",
            "availability_zone_name": "",
            "creation_token": "sample-dev-efs",
            "dns_name": "fs-05bb6cdbe3463a7a1.efs.ap-southeast-2.amazonaws.com",
            "encrypted": true,
            "id": "fs-05bb6cdbe3463a7a1",
            "kms_key_id": "arn:aws:kms:ap-southeast-2:555750989087:key/a20daae9-583a-4572-974b-a77dab1641cd",
            "lifecycle_policy": [
              {
                "transition_to_archive": "",
                "transition_to_ia": "AFTER_30_DAYS",
                "transition_to_primary_storage_class": ""
              }
            ],
            "name": "sample-dev-efs",
            "number_of_mount_targets": 2,
            "owner_id": "555750989087",
            "performance_mode": "generalPurpose",
            "protection": [
              {
                "replication_overwrite": "ENABLED"
              }
            ],
            "provisioned_throughput_in_mibps": 0,
            "size_in_bytes": [
              {
                "value": 6144,
                "value_in_ia": 0,
                "value_in_standard": 6144
              }
            ],
            "tags": {
              "Name": "sample-dev-efs"
            },
            "tags_all": {
              "Name": "sample-dev-efs"
            },
            "throughput_mode": "bursting"
          },
          "sensitive_attributes": [],
          "private": "bnVsbA=="
        }
      ]
    },
    {
      "module": "module.compute",
      "mode": "managed",
      "type": "aws_efs_mount_target",
      "name": "main",
      "provider": "provider[\"registry.terraform.io/hashicorp/aws\"]",
      "instances": [
        {
          "index_key": "protected_a",
          "schema_version": 0,
          "attributes": {
            "availability_zone_id": "apse2-az3",
            "availability_zone_name": "ap-southeast-2a",
            "dns_name": "fs-05bb6cdbe3463a7a1.efs.ap-southeast-2.amazonaws.com",
            "file_system_arn": "arn:aws:elasticfilesystem:ap-southeast-2:555750989087:file-system/fs-05bb6cdbe3463a7a1",
            "file_system_id": "fs-05bb6cdbe3463a7a1",
            "id": "fsmt-06539dc8fd4fe277f",
            "ip_address": "10.0.3.35",
            "mount_target_dns_name": "ap-southeast-2a.fs-05bb6cdbe3463a7a1.efs.ap-southeast-2.amazonaws.com",
            "network_interface_id": "eni-0aadbfb53479fe08b",
            "owner_id": "555750989087",
            "security_groups": [
              "sg-0ba3648b72b2a2d56"
            ],
            "subnet_id": "subnet-00354107b47f541d8",
            "timeouts": null
          },
          "sensitive_attributes": [],
          "private": "eyJlMmJmYjczMC1lY2FhLTExZTYtOGY4OC0zNDM2M2JjN2M0YzAiOnsiY3JlYXRlIjoxODAwMDAwMDAwMDAwLCJkZWxldGUiOjYwMDAwMDAwMDAwMH19",
          "dependencies": [
            "module.compute.aws_efs_file_system.main",
            "module.compute.aws_security_group.efs",
            "module.network.aws_security_group.alb",
            "module.network.aws_security_group.fargate_ecs_task",
            "module.network.aws_subnet.protected_a",
            "module.network.aws_subnet.protected_c",
            "module.network.aws_subnet.public_a",
            "module.network.aws_subnet.public_c",
            "module.network.aws_vpc.this"
          ]
        },
        {
          "index_key": "protected_c",
          "schema_version": 0,
          "attributes": {
            "availability_zone_id": "apse2-az2",
            "availability_zone_name": "ap-southeast-2c",
            "dns_name": "fs-05bb6cdbe3463a7a1.efs.ap-southeast-2.amazonaws.com",
            "file_system_arn": "arn:aws:elasticfilesystem:ap-southeast-2:555750989087:file-system/fs-05bb6cdbe3463a7a1",
            "file_system_id": "fs-05bb6cdbe3463a7a1",
            "id": "fsmt-047a95946438f20e8",
            "ip_address": "10.0.4.191",
            "mount_target_dns_name": "ap-southeast-2c.fs-05bb6cdbe3463a7a1.efs.ap-southeast-2.amazonaws.com",
            "network_interface_id": "eni-000e63088a86de3a1",
            "owner_id": "555750989087",
            "security_groups": [
              "sg-0ba3648b72b2a2d56"
            ],
            "subnet_id": "subnet-07cdc8f5ca3123b2b",
            "timeouts": null
          },
          "sensitive_attributes": [],
          "private": "eyJlMmJmYjczMC1lY2FhLTExZTYtOGY4OC0zNDM2M2JjN2M0YzAiOnsiY3JlYXRlIjoxODAwMDAwMDAwMDAwLCJkZWxldGUiOjYwMDAwMDAwMDAwMH19",
          "dependencies": [
            "module.compute.aws_efs_file_system.main",
            "module.compute.aws_security_group.efs",
            "module.network.aws_security_group.alb",
            "module.network.aws_security_group.fargate_ecs_task",
            "module.network.aws_subnet.protected_a",
            "module.network.aws_subnet.protected_c",
            "module.network.aws_subnet.public_a",
            "module.network.aws_subnet.public_c",
            "module.network.aws_vpc.this"
          ]
        }
      ]
    },
    {
      "module": "module.compute",
      "mode": "managed",
      "type": "aws_iam_policy",
      "name": "ECSExecuteCommand",
      "provider": "provider[\"registry.terraform.io/hashicorp/aws\"]",
      "instances": [
        {
          "schema_version": 0,
          "attributes": {
            "arn": "arn:aws:iam::555750989087:policy/sample-AmazonECSExecuteCommandPolicy",
            "attachment_count": 1,
            "description": "",
            "id": "arn:aws:iam::555750989087:policy/sample-AmazonECSExecuteCommandPolicy",
            "name": "sample-AmazonECSExecuteCommandPolicy",
            "name_prefix": "",
            "path": "/",
            "policy": "{\"Statement\":[{\"Action\":[\"ssmmessages:CreateControlChannel\",\"ssmmessages:CreateDataChannel\",\"ssmmessages:OpenControlChannel\",\"ssmmessages:OpenDataChannel\"],\"Effect\":\"Allow\",\"Resource\":\"*\"}],\"Version\":\"2012-10-17\"}",
            "policy_id": "ANPAYCZKXDUPQQSPCARXZ",
            "tags": {},
            "tags_all": {}
          },
          "sensitive_attributes": [],
          "private": "bnVsbA=="
        }
      ]
    },
    {
      "module": "module.compute",
      "mode": "managed",
      "type": "aws_iam_policy",
      "name": "EFSAccess",
      "provider": "provider[\"registry.terraform.io/hashicorp/aws\"]",
      "instances": [
        {
          "schema_version": 0,
          "attributes": {
            "arn": "arn:aws:iam::555750989087:policy/sample-AmazonEFSAccessPolicy",
            "attachment_count": 1,
            "description": "",
            "id": "arn:aws:iam::555750989087:policy/sample-AmazonEFSAccessPolicy",
            "name": "sample-AmazonEFSAccessPolicy",
            "name_prefix": "",
            "path": "/",
            "policy": "{\"Statement\":[{\"Action\":[\"elasticfilesystem:ClientMount\",\"elasticfilesystem:ClientWrite\",\"elasticfilesystem:ClientRootAccess\"],\"Effect\":\"Allow\",\"Resource\":\"arn:aws:elasticfilesystem:ap-southeast-2:555750989087:file-system/fs-05bb6cdbe3463a7a1\"}],\"Version\":\"2012-10-17\"}",
            "policy_id": "ANPAYCZKXDUPSBSUQZNYI",
            "tags": {},
            "tags_all": {}
          },
          "sensitive_attributes": [],
          "private": "bnVsbA==",
          "dependencies": [
            "module.compute.aws_efs_file_system.main"
          ]
        }
      ]
    },
    {
      "module": "module.compute",
      "mode": "managed",
      "type": "aws_iam_policy",
      "name": "GetSecretValue",
      "provider": "provider[\"registry.terraform.io/hashicorp/aws\"]",
      "instances": [
        {
          "schema_version": 0,
          "attributes": {
            "arn": "arn:aws:iam::555750989087:policy/sample-SecretsManagerGetSecretValuePolicy",
            "attachment_count": 1,
            "description": "",
            "id": "arn:aws:iam::555750989087:policy/sample-SecretsManagerGetSecretValuePolicy",
            "name": "sample-SecretsManagerGetSecretValuePolicy",
            "name_prefix": "",
            "path": "/",
            "policy": "{\"Statement\":[{\"Action\":\"secretsmanager:GetSecretValue\",\"Effect\":\"Allow\",\"Resource\":\"*\"}],\"Version\":\"2012-10-17\"}",
            "policy_id": "ANPAYCZKXDUPWU2XVCZCK",
            "tags": {},
            "tags_all": {}
          },
          "sensitive_attributes": [],
          "private": "bnVsbA=="
        }
      ]
    },
    {
      "module": "module.compute",
      "mode": "managed",
      "type": "aws_iam_policy",
      "name": "SSMGetParameters",
      "provider": "provider[\"registry.terraform.io/hashicorp/aws\"]",
      "instances": [
        {
          "schema_version": 0,
          "attributes": {
            "arn": "arn:aws:iam::555750989087:policy/sample-AmazonSSMGetParametersPolicy",
            "attachment_count": 1,
            "description": "",
            "id": "arn:aws:iam::555750989087:policy/sample-AmazonSSMGetParametersPolicy",
            "name": "sample-AmazonSSMGetParametersPolicy",
            "name_prefix": "",
            "path": "/",
            "policy": "{\"Statement\":[{\"Action\":[\"ssm:GetParameter\",\"ssm:GetParameters\"],\"Effect\":\"Allow\",\"Resource\":\"*\"}],\"Version\":\"2012-10-17\"}",
            "policy_id": "ANPAYCZKXDUPUQTBQB2H7",
            "tags": {},
            "tags_all": {}
          },
          "sensitive_attributes": [],
          "private": "bnVsbA=="
        }
      ]
    },
    {
      "module": "module.compute",
      "mode": "managed",
      "type": "aws_iam_role",
      "name": "AWSCodeDeployRoleForECS",
      "provider": "provider[\"registry.terraform.io/hashicorp/aws\"]",
      "instances": [
        {
          "schema_version": 0,
          "attributes": {
            "arn": "arn:aws:iam::555750989087:role/sample-AWSCodeDeployRoleForECS",
            "assume_role_policy": "{\"Statement\":[{\"Action\":\"sts:AssumeRole\",\"Effect\":\"Allow\",\"Principal\":{\"Service\":\"codedeploy.amazonaws.com\"}}],\"Version\":\"2012-10-17\"}",
            "create_date": "2025-06-17T06:42:19Z",
            "description": "",
            "force_detach_policies": false,
            "id": "sample-AWSCodeDeployRoleForECS",
            "inline_policy": [],
            "managed_policy_arns": [
              "arn:aws:iam::aws:policy/AWSCodeDeployRoleForECS"
            ],
            "max_session_duration": 3600,
            "name": "sample-AWSCodeDeployRoleForECS",
            "name_prefix": "",
            "path": "/",
            "permissions_boundary": "",
            "tags": {},
            "tags_all": {},
            "unique_id": "AROAYCZKXDUPQOH22I5SV"
          },
          "sensitive_attributes": [],
          "private": "bnVsbA=="
        }
      ]
    },
    {
      "module": "module.compute",
      "mode": "managed",
      "type": "aws_iam_role",
      "name": "ECSTaskExecution",
      "provider": "provider[\"registry.terraform.io/hashicorp/aws\"]",
      "instances": [
        {
          "schema_version": 0,
          "attributes": {
            "arn": "arn:aws:iam::555750989087:role/sample-AmazonECSTaskExecutionRole",
            "assume_role_policy": "{\"Statement\":[{\"Action\":\"sts:AssumeRole\",\"Effect\":\"Allow\",\"Principal\":{\"Service\":\"ecs-tasks.amazonaws.com\"}}],\"Version\":\"2012-10-17\"}",
            "create_date": "2025-06-17T06:42:20Z",
            "description": "",
            "force_detach_policies": false,
            "id": "sample-AmazonECSTaskExecutionRole",
            "inline_policy": [],
            "managed_policy_arns": [
              "arn:aws:iam::555750989087:policy/sample-AmazonSSMGetParametersPolicy",
              "arn:aws:iam::555750989087:policy/sample-SecretsManagerGetSecretValuePolicy",
              "arn:aws:iam::aws:policy/service-role/AmazonECSTaskExecutionRolePolicy"
            ],
            "max_session_duration": 3600,
            "name": "sample-AmazonECSTaskExecutionRole",
            "name_prefix": "",
            "path": "/",
            "permissions_boundary": "",
            "tags": {},
            "tags_all": {},
            "unique_id": "AROAYCZKXDUPQP5MISEEU"
          },
          "sensitive_attributes": [],
          "private": "bnVsbA=="
        }
      ]
    },
    {
      "module": "module.compute",
      "mode": "managed",
      "type": "aws_iam_role",
      "name": "codecommit_access",
      "provider": "provider[\"registry.terraform.io/hashicorp/aws\"]",
      "instances": [
        {
          "schema_version": 0,
          "attributes": {
            "arn": "arn:aws:iam::555750989087:role/sample-dev-codecommit-access-role",
            "assume_role_policy": "{\"Statement\":[{\"Action\":\"sts:AssumeRole\",\"Effect\":\"Allow\",\"Principal\":{\"Service\":\"codecommit.amazonaws.com\"}}],\"Version\":\"2012-10-17\"}",
            "create_date": "2025-06-17T06:42:19Z",
            "description": "",
            "force_detach_policies": false,
            "id": "sample-dev-codecommit-access-role",
            "inline_policy": [
              {
                "name": "sample-dev-codecommit-access-policy",
                "policy": "{\"Version\":\"2012-10-17\",\"Statement\":[{\"Action\":[\"codecommit:GitPull\",\"codecommit:GitPush\"],\"Effect\":\"Allow\",\"Resource\":\"arn:aws:codecommit:ap-southeast-2:555750989087:sample-dev-ecs-deployment\"}]}"
              }
            ],
            "managed_policy_arns": [],
            "max_session_duration": 3600,
            "name": "sample-dev-codecommit-access-role",
            "name_prefix": "",
            "path": "/",
            "permissions_boundary": "",
            "tags": {},
            "tags_all": {},
            "unique_id": "AROAYCZKXDUPXUBJPCGX3"
          },
          "sensitive_attributes": [],
          "private": "bnVsbA=="
        }
      ]
    },
    {
      "module": "module.compute",
      "mode": "managed",
      "type": "aws_iam_role",
      "name": "codepipeline_service",
      "provider": "provider[\"registry.terraform.io/hashicorp/aws\"]",
      "instances": [
        {
          "schema_version": 0,
          "attributes": {
            "arn": "arn:aws:iam::555750989087:role/sample-dev-codepipeline-service-role",
            "assume_role_policy": "{\"Statement\":[{\"Action\":\"sts:AssumeRole\",\"Effect\":\"Allow\",\"Principal\":{\"Service\":\"codepipeline.amazonaws.com\"}}],\"Version\":\"2012-10-17\"}",
            "create_date": "2025-06-17T06:42:19Z",
            "description": "",
            "force_detach_policies": false,
            "id": "sample-dev-codepipeline-service-role",
            "inline_policy": [
              {
                "name": "sample-dev-codepipeline-service-policy",
                "policy": "{\"Version\":\"2012-10-17\",\"Statement\":[{\"Action\":[\"s3:GetObject\",\"s3:GetObjectVersion\",\"s3:GetBucketVersioning\",\"s3:PutObject\"],\"Effect\":\"Allow\",\"Resource\":[\"arn:aws:s3:::sample-dev-artifact-bucket-555750989087\",\"arn:aws:s3:::sample-dev-artifact-bucket-555750989087/*\"]},{\"Action\":[\"codecommit:CancelUploadArchive\",\"codecommit:GetBranch\",\"codecommit:GetCommit\",\"codecommit:GetUploadArchiveStatus\",\"codecommit:UploadArchive\"],\"Effect\":\"Allow\",\"Resource\":\"*\"},{\"Action\":[\"codedeploy:CreateDeployment\",\"codedeploy:GetApplication\",\"codedeploy:GetApplicationRevision\",\"codedeploy:GetDeployment\",\"codedeploy:GetDeploymentConfig\",\"codedeploy:RegisterApplicationRevision\"],\"Effect\":\"Allow\",\"Resource\":\"*\"}]}"
              }
            ],
            "managed_policy_arns": [],
            "max_session_duration": 3600,
            "name": "sample-dev-codepipeline-service-role",
            "name_prefix": "",
            "path": "/",
            "permissions_boundary": "",
            "tags": {},
            "tags_all": {},
            "unique_id": "AROAYCZKXDUPQVZHMAUZU"
          },
          "sensitive_attributes": [],
          "private": "bnVsbA=="
        }
      ]
    },
    {
      "module": "module.compute",
      "mode": "managed",
      "type": "aws_iam_role",
      "name": "fargate_ecs_task",
      "provider": "provider[\"registry.terraform.io/hashicorp/aws\"]",
      "instances": [
        {
          "schema_version": 0,
          "attributes": {
            "arn": "arn:aws:iam::555750989087:role/sample-dev-fargate-ecs-task-role",
            "assume_role_policy": "{\"Statement\":[{\"Action\":\"sts:AssumeRole\",\"Effect\":\"Allow\",\"Principal\":{\"Service\":\"ecs-tasks.amazonaws.com\"}}],\"Version\":\"2012-10-17\"}",
            "create_date": "2025-06-17T06:42:20Z",
            "description": "",
            "force_detach_policies": false,
            "id": "sample-dev-fargate-ecs-task-role",
            "inline_policy": [],
            "managed_policy_arns": [
              "arn:aws:iam::555750989087:policy/sample-AmazonECSExecuteCommandPolicy",
              "arn:aws:iam::555750989087:policy/sample-AmazonEFSAccessPolicy"
            ],
            "max_session_duration": 3600,
            "name": "sample-dev-fargate-ecs-task-role",
            "name_prefix": "",
            "path": "/",
            "permissions_boundary": "",
            "tags": {},
            "tags_all": {},
            "unique_id": "AROAYCZKXDUPVNXHMDJFF"
          },
          "sensitive_attributes": [],
          "private": "bnVsbA=="
        }
      ]
    },
    {
      "module": "module.compute",
      "mode": "managed",
      "type": "aws_iam_role_policy",
      "name": "codecommit_access",
      "provider": "provider[\"registry.terraform.io/hashicorp/aws\"]",
      "instances": [
        {
          "schema_version": 0,
          "attributes": {
            "id": "sample-dev-codecommit-access-role:sample-dev-codecommit-access-policy",
            "name": "sample-dev-codecommit-access-policy",
            "name_prefix": "",
            "policy": "{\"Version\":\"2012-10-17\",\"Statement\":[{\"Action\":[\"codecommit:GitPull\",\"codecommit:GitPush\"],\"Effect\":\"Allow\",\"Resource\":\"arn:aws:codecommit:ap-southeast-2:555750989087:sample-dev-ecs-deployment\"}]}",
            "role": "sample-dev-codecommit-access-role"
          },
          "sensitive_attributes": [],
          "private": "bnVsbA==",
          "dependencies": [
            "module.compute.aws_codecommit_repository.this",
            "module.compute.aws_iam_role.codecommit_access"
          ]
        }
      ]
    },
    {
      "module": "module.compute",
      "mode": "managed",
      "type": "aws_iam_role_policy",
      "name": "codepipeline_service",
      "provider": "provider[\"registry.terraform.io/hashicorp/aws\"]",
      "instances": [
        {
          "schema_version": 0,
          "attributes": {
            "id": "sample-dev-codepipeline-service-role:sample-dev-codepipeline-service-policy",
            "name": "sample-dev-codepipeline-service-policy",
            "name_prefix": "",
            "policy": "{\"Version\":\"2012-10-17\",\"Statement\":[{\"Action\":[\"s3:GetObject\",\"s3:GetObjectVersion\",\"s3:GetBucketVersioning\",\"s3:PutObject\"],\"Effect\":\"Allow\",\"Resource\":[\"arn:aws:s3:::sample-dev-artifact-bucket-555750989087\",\"arn:aws:s3:::sample-dev-artifact-bucket-555750989087/*\"]},{\"Action\":[\"codecommit:CancelUploadArchive\",\"codecommit:GetBranch\",\"codecommit:GetCommit\",\"codecommit:GetUploadArchiveStatus\",\"codecommit:UploadArchive\"],\"Effect\":\"Allow\",\"Resource\":\"*\"},{\"Action\":[\"codedeploy:CreateDeployment\",\"codedeploy:GetApplication\",\"codedeploy:GetApplicationRevision\",\"codedeploy:GetDeployment\",\"codedeploy:GetDeploymentConfig\",\"codedeploy:RegisterApplicationRevision\"],\"Effect\":\"Allow\",\"Resource\":\"*\"}]}",
            "role": "sample-dev-codepipeline-service-role"
          },
          "sensitive_attributes": [],
          "private": "bnVsbA==",
          "dependencies": [
            "module.compute.aws_iam_role.codepipeline_service",
            "module.compute.aws_s3_bucket.artifact",
            "module.compute.data.aws_caller_identity.current"
          ]
        }
      ]
    },
    {
      "module": "module.compute",
      "mode": "managed",
      "type": "aws_iam_role_policy_attachment",
      "name": "AWSCodeDeployRoleForECS",
      "provider": "provider[\"registry.terraform.io/hashicorp/aws\"]",
      "instances": [
        {
          "schema_version": 0,
          "attributes": {
            "id": "sample-AWSCodeDeployRoleForECS-20250617064220784400000001",
            "policy_arn": "arn:aws:iam::aws:policy/AWSCodeDeployRoleForECS",
            "role": "sample-AWSCodeDeployRoleForECS"
          },
          "sensitive_attributes": [],
          "private": "bnVsbA==",
          "dependencies": [
            "module.compute.aws_iam_role.AWSCodeDeployRoleForECS"
          ]
        }
      ]
    },
    {
      "module": "module.compute",
      "mode": "managed",
      "type": "aws_iam_role_policy_attachment",
      "name": "ECSExecuteCommand_fargate_ecs",
      "provider": "provider[\"registry.terraform.io/hashicorp/aws\"]",
      "instances": [
        {
          "schema_version": 0,
          "attributes": {
            "id": "sample-dev-fargate-ecs-task-role-20250617064221689400000004",
            "policy_arn": "arn:aws:iam::555750989087:policy/sample-AmazonECSExecuteCommandPolicy",
            "role": "sample-dev-fargate-ecs-task-role"
          },
          "sensitive_attributes": [],
          "private": "bnVsbA==",
          "dependencies": [
            "module.compute.aws_iam_policy.ECSExecuteCommand",
            "module.compute.aws_iam_role.fargate_ecs_task"
          ]
        }
      ]
    },
    {
      "module": "module.compute",
      "mode": "managed",
      "type": "aws_iam_role_policy_attachment",
      "name": "ECSTaskExecutionPolicies",
      "provider": "provider[\"registry.terraform.io/hashicorp/aws\"]",
      "instances": [
        {
          "index_key": "AmazonECSTaskExecutionRolePolicy",
          "schema_version": 0,
          "attributes": {
            "id": "sample-AmazonECSTaskExecutionRole-20250617064221620900000002",
            "policy_arn": "arn:aws:iam::aws:policy/service-role/AmazonECSTaskExecutionRolePolicy",
            "role": "sample-AmazonECSTaskExecutionRole"
          },
          "sensitive_attributes": [],
          "private": "bnVsbA==",
          "dependencies": [
            "module.compute.aws_iam_policy.GetSecretValue",
            "module.compute.aws_iam_policy.SSMGetParameters",
            "module.compute.aws_iam_role.ECSTaskExecution"
          ]
        },
        {
          "index_key": "GetSecretValue",
          "schema_version": 0,
          "attributes": {
            "id": "sample-AmazonECSTaskExecutionRole-20250617064221700200000005",
            "policy_arn": "arn:aws:iam::555750989087:policy/sample-SecretsManagerGetSecretValuePolicy",
            "role": "sample-AmazonECSTaskExecutionRole"
          },
          "sensitive_attributes": [],
          "private": "bnVsbA==",
          "dependencies": [
            "module.compute.aws_iam_policy.GetSecretValue",
            "module.compute.aws_iam_policy.SSMGetParameters",
            "module.compute.aws_iam_role.ECSTaskExecution"
          ]
        },
        {
          "index_key": "SSMGetParameters",
          "schema_version": 0,
          "attributes": {
            "id": "sample-AmazonECSTaskExecutionRole-20250617064221630500000003",
            "policy_arn": "arn:aws:iam::555750989087:policy/sample-AmazonSSMGetParametersPolicy",
            "role": "sample-AmazonECSTaskExecutionRole"
          },
          "sensitive_attributes": [],
          "private": "bnVsbA==",
          "dependencies": [
            "module.compute.aws_iam_policy.GetSecretValue",
            "module.compute.aws_iam_policy.SSMGetParameters",
            "module.compute.aws_iam_role.ECSTaskExecution"
          ]
        }
      ]
    },
    {
      "module": "module.compute",
      "mode": "managed",
      "type": "aws_iam_role_policy_attachment",
      "name": "EFSAccess_fargate_ecs",
      "provider": "provider[\"registry.terraform.io/hashicorp/aws\"]",
      "instances": [
        {
          "schema_version": 0,
          "attributes": {
            "id": "sample-dev-fargate-ecs-task-role-20250617064226903100000006",
            "policy_arn": "arn:aws:iam::555750989087:policy/sample-AmazonEFSAccessPolicy",
            "role": "sample-dev-fargate-ecs-task-role"
          },
          "sensitive_attributes": [],
          "private": "bnVsbA==",
          "dependencies": [
            "module.compute.aws_efs_file_system.main",
            "module.compute.aws_iam_policy.EFSAccess",
            "module.compute.aws_iam_role.fargate_ecs_task"
          ]
        }
      ]
    },
    {
      "module": "module.compute",
      "mode": "managed",
      "type": "aws_s3_bucket",
      "name": "artifact",
      "provider": "provider[\"registry.terraform.io/hashicorp/aws\"]",
      "instances": [
        {
          "schema_version": 0,
          "attributes": {
            "acceleration_status": "",
            "acl": null,
            "arn": "arn:aws:s3:::sample-dev-artifact-bucket-555750989087",
            "bucket": "sample-dev-artifact-bucket-555750989087",
            "bucket_domain_name": "sample-dev-artifact-bucket-555750989087.s3.amazonaws.com",
            "bucket_prefix": "",
            "bucket_regional_domain_name": "sample-dev-artifact-bucket-555750989087.s3.ap-southeast-2.amazonaws.com",
            "cors_rule": [],
            "force_destroy": false,
            "grant": [
              {
                "id": "2b7b620f6f7557cb7b03223c7be011238d1ba16d62c48e61616aaee8656f7aa9",
                "permissions": [
                  "FULL_CONTROL"
                ],
                "type": "CanonicalUser",
                "uri": ""
              }
            ],
            "hosted_zone_id": "Z1WCIGYICN2BYD",
            "id": "sample-dev-artifact-bucket-555750989087",
            "lifecycle_rule": [],
            "logging": [],
            "object_lock_configuration": [],
            "object_lock_enabled": false,
            "policy": "",
            "region": "ap-southeast-2",
            "replication_configuration": [],
            "request_payer": "BucketOwner",
            "server_side_encryption_configuration": [
              {
                "rule": [
                  {
                    "apply_server_side_encryption_by_default": [
                      {
                        "kms_master_key_id": "",
                        "sse_algorithm": "AES256"
                      }
                    ],
                    "bucket_key_enabled": false
                  }
                ]
              }
            ],
            "tags": {
              "Name": "sample-dev-artifact-bucket"
            },
            "tags_all": {
              "Name": "sample-dev-artifact-bucket"
            },
            "timeouts": null,
            "versioning": [
              {
                "enabled": true,
                "mfa_delete": false
              }
            ],
            "website": [],
            "website_domain": null,
            "website_endpoint": null
          },
          "sensitive_attributes": [],
          "private": "eyJlMmJmYjczMC1lY2FhLTExZTYtOGY4OC0zNDM2M2JjN2M0YzAiOnsiY3JlYXRlIjoxMjAwMDAwMDAwMDAwLCJkZWxldGUiOjM2MDAwMDAwMDAwMDAsInJlYWQiOjEyMDAwMDAwMDAwMDAsInVwZGF0ZSI6MTIwMDAwMDAwMDAwMH19",
          "dependencies": [
            "module.compute.data.aws_caller_identity.current"
          ]
        }
      ]
    },
    {
      "module": "module.compute",
      "mode": "managed",
      "type": "aws_s3_bucket_versioning",
      "name": "artifact",
      "provider": "provider[\"registry.terraform.io/hashicorp/aws\"]",
      "instances": [
        {
          "schema_version": 0,
          "attributes": {
            "bucket": "sample-dev-artifact-bucket-555750989087",
            "expected_bucket_owner": "",
            "id": "sample-dev-artifact-bucket-555750989087",
            "mfa": null,
            "versioning_configuration": [
              {
                "mfa_delete": "",
                "status": "Enabled"
              }
            ]
          },
          "sensitive_attributes": [],
          "private": "bnVsbA==",
          "dependencies": [
            "module.compute.aws_s3_bucket.artifact",
            "module.compute.data.aws_caller_identity.current"
          ]
        }
      ]
    },
    {
      "module": "module.compute",
      "mode": "managed",
      "type": "aws_security_group",
      "name": "efs",
      "provider": "provider[\"registry.terraform.io/hashicorp/aws\"]",
      "instances": [
        {
          "schema_version": 1,
          "attributes": {
            "arn": "arn:aws:ec2:ap-southeast-2:555750989087:security-group/sg-0ba3648b72b2a2d56",
            "description": "Security group for EFS mount targets",
            "egress": [],
            "id": "sg-0ba3648b72b2a2d56",
            "ingress": [
              {
                "cidr_blocks": [],
                "description": "NFS from ECS tasks",
                "from_port": 2049,
                "ipv6_cidr_blocks": [],
                "prefix_list_ids": [],
                "protocol": "tcp",
                "security_groups": [
                  "sg-0b767ed6aec3dcf26"
                ],
                "self": false,
                "to_port": 2049
              }
            ],
            "name": "sample-dev-efs-sg",
            "name_prefix": "",
            "owner_id": "555750989087",
            "revoke_rules_on_delete": false,
            "tags": {
              "Name": "sample-dev-efs-sg"
            },
            "tags_all": {
              "Name": "sample-dev-efs-sg"
            },
            "timeouts": null,
            "vpc_id": "vpc-0f8845cd5c0b27429"
          },
          "sensitive_attributes": [],
          "private": "eyJlMmJmYjczMC1lY2FhLTExZTYtOGY4OC0zNDM2M2JjN2M0YzAiOnsiY3JlYXRlIjo2MDAwMDAwMDAwMDAsImRlbGV0ZSI6OTAwMDAwMDAwMDAwfSwic2NoZW1hX3ZlcnNpb24iOiIxIn0=",
          "dependencies": [
            "module.network.aws_security_group.alb",
            "module.network.aws_security_group.fargate_ecs_task",
            "module.network.aws_vpc.this"
          ]
        }
      ]
    },
    {
      "module": "module.compute",
      "mode": "managed",
      "type": "local_file",
      "name": "appspec",
      "provider": "provider[\"registry.terraform.io/hashicorp/local\"]",
      "instances": [
        {
          "schema_version": 0,
          "attributes": {
            "content": "version: 0.0\r\nResources:\r\n  - TargetService:\r\n      Type: AWS::ECS::Service\r\n      Properties:\r\n        TaskDefinition: \u003cTASK_DEFINITION_ARN\u003e\r\n        LoadBalancerInfo:\r\n          ContainerName: \"sample-container\"\r\n          ContainerPort: 80\r\n        NetworkConfiguration:\r\n          AwsvpcConfiguration:\r\n            Subnets:\r\n              - subnet-00fcf9f1400d0ec3b\r\n              # - subnet-04cd4a3cc3cadf3cb  # 必要に応じて有効化\r\n",
            "content_base64": null,
            "content_base64sha256": "4MmvJzfqJ55oSzXRABvMPGurRbHLu2NuxEpu5VtireQ=",
            "content_base64sha512": "RE17SxrSF+zQg6c0K9mzlClJlkuJW861VZPyFjozgCk5EnE7W6WyFTBvkD9zumi4BjdEMnHgWLywH69WQkfVzg==",
            "content_md5": "97b4f416f4e51ce8089febc19d30cec2",
            "content_sha1": "bb66a96d6cc23cd204c6d2c455cf68ec8bbb66e5",
            "content_sha256": "e0c9af2737ea279e684b35d1001bcc3c6bab45b1cbbb636ec44a6ee55b62ade4",
            "content_sha512": "444d7b4b1ad217ecd083a7342bd9b3942949964b895bceb55593f2163a3380293912713b5ba5b215306f903f73ba68b80637443271e058bcb01faf564247d5ce",
            "directory_permission": "0777",
            "file_permission": "0777",
            "filename": "appspec.yaml",
            "id": "bb66a96d6cc23cd204c6d2c455cf68ec8bbb66e5",
            "sensitive_content": null,
            "source": null
          },
          "sensitive_attributes": [
            [
              {
                "type": "get_attr",
                "value": "sensitive_content"
              }
            ]
          ],
          "dependencies": [
            "module.network.aws_subnet.protected_a",
            "module.network.aws_subnet.protected_c",
            "module.network.aws_subnet.public_a",
            "module.network.aws_subnet.public_c",
            "module.network.aws_vpc.this"
          ]
        }
      ]
    },
    {
      "module": "module.network",
      "mode": "managed",
      "type": "aws_eip",
      "name": "nat_a",
      "provider": "provider[\"registry.terraform.io/hashicorp/aws\"]",
      "instances": [
        {
          "index_key": 0,
          "schema_version": 0,
          "attributes": {
            "address": null,
            "allocation_id": "eipalloc-08cbab539b9470ec6",
            "arn": "arn:aws:ec2:ap-southeast-2:555750989087:elastic-ip/eipalloc-08cbab539b9470ec6",
            "associate_with_private_ip": null,
            "association_id": "eipassoc-027438df1f47b729d",
            "carrier_ip": "",
            "customer_owned_ip": "",
            "customer_owned_ipv4_pool": "",
            "domain": "vpc",
            "id": "eipalloc-08cbab539b9470ec6",
            "instance": "",
            "ipam_pool_id": null,
            "network_border_group": "ap-southeast-2",
            "network_interface": "eni-07cd6592241a05088",
            "private_dns": "ip-10-0-1-79.ap-southeast-2.compute.internal",
            "private_ip": "10.0.1.79",
            "ptr_record": "",
            "public_dns": "ec2-54-79-130-133.ap-southeast-2.compute.amazonaws.com",
            "public_ip": "54.79.130.133",
            "public_ipv4_pool": "amazon",
            "tags": {
              "Name": "sample-dev-nat-a"
            },
            "tags_all": {
              "Name": "sample-dev-nat-a"
            },
            "timeouts": null,
            "vpc": true
          },
          "sensitive_attributes": [],
          "private": "eyJlMmJmYjczMC1lY2FhLTExZTYtOGY4OC0zNDM2M2JjN2M0YzAiOnsiZGVsZXRlIjoxODAwMDAwMDAwMDAsInJlYWQiOjkwMDAwMDAwMDAwMCwidXBkYXRlIjozMDAwMDAwMDAwMDB9fQ=="
        }
      ]
    },
    {
      "module": "module.network",
      "mode": "managed",
      "type": "aws_internet_gateway",
      "name": "this",
      "provider": "provider[\"registry.terraform.io/hashicorp/aws\"]",
      "instances": [
        {
          "schema_version": 0,
          "attributes": {
            "arn": "arn:aws:ec2:ap-southeast-2:555750989087:internet-gateway/igw-0cf36b82a7bdeb5ae",
            "id": "igw-0cf36b82a7bdeb5ae",
            "owner_id": "555750989087",
            "tags": {
              "Name": "sample-dev-igw"
            },
            "tags_all": {
              "Name": "sample-dev-igw"
            },
            "timeouts": null,
            "vpc_id": "vpc-0f8845cd5c0b27429"
          },
          "sensitive_attributes": [],
          "private": "eyJlMmJmYjczMC1lY2FhLTExZTYtOGY4OC0zNDM2M2JjN2M0YzAiOnsiY3JlYXRlIjoxMjAwMDAwMDAwMDAwLCJkZWxldGUiOjEyMDAwMDAwMDAwMDAsInVwZGF0ZSI6MTIwMDAwMDAwMDAwMH19",
          "dependencies": [
            "module.network.aws_vpc.this"
          ]
        }
      ]
    },
    {
      "module": "module.network",
      "mode": "managed",
      "type": "aws_lb",
      "name": "alb",
      "provider": "provider[\"registry.terraform.io/hashicorp/aws\"]",
      "instances": [
        {
          "schema_version": 0,
          "attributes": {
            "access_logs": [
              {
                "bucket": "",
                "enabled": false,
                "prefix": ""
              }
            ],
            "arn": "arn:aws:elasticloadbalancing:ap-southeast-2:555750989087:loadbalancer/app/sample-dev-alb/58f4ad471fbffbc7",
            "arn_suffix": "app/sample-dev-alb/58f4ad471fbffbc7",
            "client_keep_alive": 3600,
            "connection_logs": [
              {
                "bucket": "",
                "enabled": false,
                "prefix": ""
              }
            ],
            "customer_owned_ipv4_pool": "",
            "desync_mitigation_mode": "defensive",
            "dns_name": "sample-dev-alb-285980756.ap-southeast-2.elb.amazonaws.com",
            "dns_record_client_routing_policy": null,
            "drop_invalid_header_fields": false,
            "enable_cross_zone_load_balancing": true,
            "enable_deletion_protection": false,
            "enable_http2": true,
            "enable_tls_version_and_cipher_suite_headers": false,
            "enable_waf_fail_open": false,
            "enable_xff_client_port": false,
            "enable_zonal_shift": false,
            "enforce_security_group_inbound_rules_on_private_link_traffic": "",
            "id": "arn:aws:elasticloadbalancing:ap-southeast-2:555750989087:loadbalancer/app/sample-dev-alb/58f4ad471fbffbc7",
            "idle_timeout": 60,
            "internal": false,
            "ip_address_type": "ipv4",
            "ipam_pools": [],
            "load_balancer_type": "application",
            "minimum_load_balancer_capacity": [],
            "name": "sample-dev-alb",
            "name_prefix": "",
            "preserve_host_header": false,
            "security_groups": [
              "sg-07ac77206d9d1f250"
            ],
            "subnet_mapping": [
              {
                "allocation_id": "",
                "ipv6_address": "",
                "outpost_id": "",
                "private_ipv4_address": "",
                "subnet_id": "subnet-00fcf9f1400d0ec3b"
              },
              {
                "allocation_id": "",
                "ipv6_address": "",
                "outpost_id": "",
                "private_ipv4_address": "",
                "subnet_id": "subnet-04cd4a3cc3cadf3cb"
              }
            ],
            "subnets": [
              "subnet-00fcf9f1400d0ec3b",
              "subnet-04cd4a3cc3cadf3cb"
            ],
            "tags": {
              "Name": "sample-dev-alb"
            },
            "tags_all": {
              "Name": "sample-dev-alb"
            },
            "timeouts": null,
            "vpc_id": "vpc-0f8845cd5c0b27429",
            "xff_header_processing_mode": "append",
            "zone_id": "Z1GM3OXH4ZPM65"
          },
          "sensitive_attributes": [],
          "private": "eyJlMmJmYjczMC1lY2FhLTExZTYtOGY4OC0zNDM2M2JjN2M0YzAiOnsiY3JlYXRlIjo2MDAwMDAwMDAwMDAsImRlbGV0ZSI6NjAwMDAwMDAwMDAwLCJ1cGRhdGUiOjYwMDAwMDAwMDAwMH19",
          "dependencies": [
            "module.network.aws_lb_target_group.fargate01",
            "module.network.aws_lb_target_group.fargate02",
            "module.network.aws_security_group.alb",
            "module.network.aws_subnet.public_a",
            "module.network.aws_subnet.public_c",
            "module.network.aws_vpc.this"
          ]
        }
      ]
    },
    {
      "module": "module.network",
      "mode": "managed",
      "type": "aws_lb_listener",
      "name": "alb_80",
      "provider": "provider[\"registry.terraform.io/hashicorp/aws\"]",
      "instances": [
        {
          "schema_version": 0,
          "attributes": {
            "alpn_policy": null,
            "arn": "arn:aws:elasticloadbalancing:ap-southeast-2:555750989087:listener/app/sample-dev-alb/58f4ad471fbffbc7/e3f82350bf4013b3",
            "certificate_arn": null,
            "default_action": [
              {
                "authenticate_cognito": [],
                "authenticate_oidc": [],
                "fixed_response": [],
                "forward": [],
                "order": 1,
                "redirect": [],
                "target_group_arn": "arn:aws:elasticloadbalancing:ap-southeast-2:555750989087:targetgroup/sample-dev-fargate-tg01/17d7f5b0a0be53ca",
                "type": "forward"
              }
            ],
            "id": "arn:aws:elasticloadbalancing:ap-southeast-2:555750989087:listener/app/sample-dev-alb/58f4ad471fbffbc7/e3f82350bf4013b3",
            "load_balancer_arn": "arn:aws:elasticloadbalancing:ap-southeast-2:555750989087:loadbalancer/app/sample-dev-alb/58f4ad471fbffbc7",
            "mutual_authentication": [],
            "port": 80,
            "protocol": "HTTP",
            "routing_http_request_x_amzn_mtls_clientcert_header_name": null,
            "routing_http_request_x_amzn_mtls_clientcert_issuer_header_name": null,
            "routing_http_request_x_amzn_mtls_clientcert_leaf_header_name": null,
            "routing_http_request_x_amzn_mtls_clientcert_serial_number_header_name": null,
            "routing_http_request_x_amzn_mtls_clientcert_subject_header_name": null,
            "routing_http_request_x_amzn_mtls_clientcert_validity_header_name": null,
            "routing_http_request_x_amzn_tls_cipher_suite_header_name": null,
            "routing_http_request_x_amzn_tls_version_header_name": null,
            "routing_http_response_access_control_allow_credentials_header_value": "",
            "routing_http_response_access_control_allow_headers_header_value": "",
            "routing_http_response_access_control_allow_methods_header_value": "",
            "routing_http_response_access_control_allow_origin_header_value": "",
            "routing_http_response_access_control_expose_headers_header_value": "",
            "routing_http_response_access_control_max_age_header_value": "",
            "routing_http_response_content_security_policy_header_value": "",
            "routing_http_response_server_enabled": true,
            "routing_http_response_strict_transport_security_header_value": "",
            "routing_http_response_x_content_type_options_header_value": "",
            "routing_http_response_x_frame_options_header_value": "",
            "ssl_policy": "",
            "tags": {},
            "tags_all": {},
            "tcp_idle_timeout_seconds": null,
            "timeouts": null
          },
          "sensitive_attributes": [],
          "private": "eyJlMmJmYjczMC1lY2FhLTExZTYtOGY4OC0zNDM2M2JjN2M0YzAiOnsiY3JlYXRlIjozMDAwMDAwMDAwMDAsInVwZGF0ZSI6MzAwMDAwMDAwMDAwfX0=",
          "dependencies": [
            "module.network.aws_lb.alb",
            "module.network.aws_lb_target_group.fargate01",
            "module.network.aws_lb_target_group.fargate02",
            "module.network.aws_security_group.alb",
            "module.network.aws_subnet.public_a",
            "module.network.aws_subnet.public_c",
            "module.network.aws_vpc.this"
          ]
        }
      ]
    },
    {
      "module": "module.network",
      "mode": "managed",
      "type": "aws_lb_listener",
      "name": "alb_8080",
      "provider": "provider[\"registry.terraform.io/hashicorp/aws\"]",
      "instances": [
        {
          "schema_version": 0,
          "attributes": {
            "alpn_policy": null,
            "arn": "arn:aws:elasticloadbalancing:ap-southeast-2:555750989087:listener/app/sample-dev-alb/58f4ad471fbffbc7/4fc0d23b2f190a4d",
            "certificate_arn": null,
            "default_action": [
              {
                "authenticate_cognito": [],
                "authenticate_oidc": [],
                "fixed_response": [],
                "forward": [],
                "order": 1,
                "redirect": [],
                "target_group_arn": "arn:aws:elasticloadbalancing:ap-southeast-2:555750989087:targetgroup/sample-dev-fargate-tg02/5d0767e49ee1fea5",
                "type": "forward"
              }
            ],
            "id": "arn:aws:elasticloadbalancing:ap-southeast-2:555750989087:listener/app/sample-dev-alb/58f4ad471fbffbc7/4fc0d23b2f190a4d",
            "load_balancer_arn": "arn:aws:elasticloadbalancing:ap-southeast-2:555750989087:loadbalancer/app/sample-dev-alb/58f4ad471fbffbc7",
            "mutual_authentication": [],
            "port": 8080,
            "protocol": "HTTP",
            "routing_http_request_x_amzn_mtls_clientcert_header_name": null,
            "routing_http_request_x_amzn_mtls_clientcert_issuer_header_name": null,
            "routing_http_request_x_amzn_mtls_clientcert_leaf_header_name": null,
            "routing_http_request_x_amzn_mtls_clientcert_serial_number_header_name": null,
            "routing_http_request_x_amzn_mtls_clientcert_subject_header_name": null,
            "routing_http_request_x_amzn_mtls_clientcert_validity_header_name": null,
            "routing_http_request_x_amzn_tls_cipher_suite_header_name": null,
            "routing_http_request_x_amzn_tls_version_header_name": null,
            "routing_http_response_access_control_allow_credentials_header_value": "",
            "routing_http_response_access_control_allow_headers_header_value": "",
            "routing_http_response_access_control_allow_methods_header_value": "",
            "routing_http_response_access_control_allow_origin_header_value": "",
            "routing_http_response_access_control_expose_headers_header_value": "",
            "routing_http_response_access_control_max_age_header_value": "",
            "routing_http_response_content_security_policy_header_value": "",
            "routing_http_response_server_enabled": true,
            "routing_http_response_strict_transport_security_header_value": "",
            "routing_http_response_x_content_type_options_header_value": "",
            "routing_http_response_x_frame_options_header_value": "",
            "ssl_policy": "",
            "tags": {},
            "tags_all": {},
            "tcp_idle_timeout_seconds": null,
            "timeouts": null
          },
          "sensitive_attributes": [],
          "private": "eyJlMmJmYjczMC1lY2FhLTExZTYtOGY4OC0zNDM2M2JjN2M0YzAiOnsiY3JlYXRlIjozMDAwMDAwMDAwMDAsInVwZGF0ZSI6MzAwMDAwMDAwMDAwfX0=",
          "dependencies": [
            "module.network.aws_lb.alb",
            "module.network.aws_lb_target_group.fargate01",
            "module.network.aws_lb_target_group.fargate02",
            "module.network.aws_security_group.alb",
            "module.network.aws_subnet.public_a",
            "module.network.aws_subnet.public_c",
            "module.network.aws_vpc.this"
          ]
        }
      ]
    },
    {
      "module": "module.network",
      "mode": "managed",
      "type": "aws_lb_target_group",
      "name": "fargate01",
      "provider": "provider[\"registry.terraform.io/hashicorp/aws\"]",
      "instances": [
        {
          "schema_version": 0,
          "attributes": {
            "arn": "arn:aws:elasticloadbalancing:ap-southeast-2:555750989087:targetgroup/sample-dev-fargate-tg01/17d7f5b0a0be53ca",
            "arn_suffix": "targetgroup/sample-dev-fargate-tg01/17d7f5b0a0be53ca",
            "connection_termination": null,
            "deregistration_delay": "300",
            "health_check": [
              {
                "enabled": true,
                "healthy_threshold": 5,
                "interval": 30,
                "matcher": "200",
                "path": "/",
                "port": "traffic-port",
                "protocol": "HTTP",
                "timeout": 5,
                "unhealthy_threshold": 2
              }
            ],
            "id": "arn:aws:elasticloadbalancing:ap-southeast-2:555750989087:targetgroup/sample-dev-fargate-tg01/17d7f5b0a0be53ca",
            "ip_address_type": "ipv4",
            "lambda_multi_value_headers_enabled": false,
            "load_balancer_arns": [
              "arn:aws:elasticloadbalancing:ap-southeast-2:555750989087:loadbalancer/app/sample-dev-alb/58f4ad471fbffbc7"
            ],
            "load_balancing_algorithm_type": "round_robin",
            "load_balancing_anomaly_mitigation": "off",
            "load_balancing_cross_zone_enabled": "use_load_balancer_configuration",
            "name": "sample-dev-fargate-tg01",
            "name_prefix": "",
            "port": 80,
            "preserve_client_ip": null,
            "protocol": "HTTP",
            "protocol_version": "HTTP1",
            "proxy_protocol_v2": false,
            "slow_start": 0,
            "stickiness": [
              {
                "cookie_duration": 86400,
                "cookie_name": "",
                "enabled": false,
                "type": "lb_cookie"
              }
            ],
            "tags": {
              "Name": "sample-dev-fargate-tg01"
            },
            "tags_all": {
              "Name": "sample-dev-fargate-tg01"
            },
            "target_failover": [
              {
                "on_deregistration": null,
                "on_unhealthy": null
              }
            ],
            "target_group_health": [
              {
                "dns_failover": [
                  {
                    "minimum_healthy_targets_count": "1",
                    "minimum_healthy_targets_percentage": "off"
                  }
                ],
                "unhealthy_state_routing": [
                  {
                    "minimum_healthy_targets_count": 1,
                    "minimum_healthy_targets_percentage": "off"
                  }
                ]
              }
            ],
            "target_health_state": [
              {
                "enable_unhealthy_connection_termination": null,
                "unhealthy_draining_interval": null
              }
            ],
            "target_type": "ip",
            "vpc_id": "vpc-0f8845cd5c0b27429"
          },
          "sensitive_attributes": [],
          "private": "bnVsbA==",
          "dependencies": [
            "module.network.aws_vpc.this"
          ]
        }
      ]
    },
    {
      "module": "module.network",
      "mode": "managed",
      "type": "aws_lb_target_group",
      "name": "fargate02",
      "provider": "provider[\"registry.terraform.io/hashicorp/aws\"]",
      "instances": [
        {
          "schema_version": 0,
          "attributes": {
            "arn": "arn:aws:elasticloadbalancing:ap-southeast-2:555750989087:targetgroup/sample-dev-fargate-tg02/5d0767e49ee1fea5",
            "arn_suffix": "targetgroup/sample-dev-fargate-tg02/5d0767e49ee1fea5",
            "connection_termination": null,
            "deregistration_delay": "300",
            "health_check": [
              {
                "enabled": true,
                "healthy_threshold": 5,
                "interval": 30,
                "matcher": "200",
                "path": "/",
                "port": "traffic-port",
                "protocol": "HTTP",
                "timeout": 5,
                "unhealthy_threshold": 2
              }
            ],
            "id": "arn:aws:elasticloadbalancing:ap-southeast-2:555750989087:targetgroup/sample-dev-fargate-tg02/5d0767e49ee1fea5",
            "ip_address_type": "ipv4",
            "lambda_multi_value_headers_enabled": false,
            "load_balancer_arns": [
              "arn:aws:elasticloadbalancing:ap-southeast-2:555750989087:loadbalancer/app/sample-dev-alb/58f4ad471fbffbc7"
            ],
            "load_balancing_algorithm_type": "round_robin",
            "load_balancing_anomaly_mitigation": "off",
            "load_balancing_cross_zone_enabled": "use_load_balancer_configuration",
            "name": "sample-dev-fargate-tg02",
            "name_prefix": "",
            "port": 80,
            "preserve_client_ip": null,
            "protocol": "HTTP",
            "protocol_version": "HTTP1",
            "proxy_protocol_v2": false,
            "slow_start": 0,
            "stickiness": [
              {
                "cookie_duration": 86400,
                "cookie_name": "",
                "enabled": false,
                "type": "lb_cookie"
              }
            ],
            "tags": {
              "Name": "sample-dev-fargate-tg02"
            },
            "tags_all": {
              "Name": "sample-dev-fargate-tg02"
            },
            "target_failover": [
              {
                "on_deregistration": null,
                "on_unhealthy": null
              }
            ],
            "target_group_health": [
              {
                "dns_failover": [
                  {
                    "minimum_healthy_targets_count": "1",
                    "minimum_healthy_targets_percentage": "off"
                  }
                ],
                "unhealthy_state_routing": [
                  {
                    "minimum_healthy_targets_count": 1,
                    "minimum_healthy_targets_percentage": "off"
                  }
                ]
              }
            ],
            "target_health_state": [
              {
                "enable_unhealthy_connection_termination": null,
                "unhealthy_draining_interval": null
              }
            ],
            "target_type": "ip",
            "vpc_id": "vpc-0f8845cd5c0b27429"
          },
          "sensitive_attributes": [],
          "private": "bnVsbA==",
          "dependencies": [
            "module.network.aws_vpc.this"
          ]
        }
      ]
    },
    {
      "module": "module.network",
      "mode": "managed",
      "type": "aws_nat_gateway",
      "name": "nat_a",
      "provider": "provider[\"registry.terraform.io/hashicorp/aws\"]",
      "instances": [
        {
          "index_key": 0,
          "schema_version": 0,
          "attributes": {
            "allocation_id": "eipalloc-08cbab539b9470ec6",
            "association_id": "eipassoc-027438df1f47b729d",
            "connectivity_type": "public",
            "id": "nat-0192d808566bd467e",
            "network_interface_id": "eni-07cd6592241a05088",
            "private_ip": "10.0.1.79",
            "public_ip": "54.79.130.133",
            "secondary_allocation_ids": [],
            "secondary_private_ip_address_count": 0,
            "secondary_private_ip_addresses": [],
            "subnet_id": "subnet-00fcf9f1400d0ec3b",
            "tags": {
              "Name": "sample-dev-nat-a"
            },
            "tags_all": {
              "Name": "sample-dev-nat-a"
            },
            "timeouts": null
          },
          "sensitive_attributes": [],
          "private": "eyJlMmJmYjczMC1lY2FhLTExZTYtOGY4OC0zNDM2M2JjN2M0YzAiOnsiY3JlYXRlIjo2MDAwMDAwMDAwMDAsImRlbGV0ZSI6MTgwMDAwMDAwMDAwMCwidXBkYXRlIjo2MDAwMDAwMDAwMDB9fQ==",
          "dependencies": [
            "module.network.aws_eip.nat_a",
            "module.network.aws_subnet.public_a",
            "module.network.aws_vpc.this"
          ]
        }
      ]
    },
    {
      "module": "module.network",
      "mode": "managed",
      "type": "aws_route",
      "name": "protected_rtb_a_ngw",
      "provider": "provider[\"registry.terraform.io/hashicorp/aws\"]",
      "instances": [
        {
          "index_key": 0,
          "schema_version": 0,
          "attributes": {
            "carrier_gateway_id": "",
            "core_network_arn": "",
            "destination_cidr_block": "0.0.0.0/0",
            "destination_ipv6_cidr_block": "",
            "destination_prefix_list_id": "",
            "egress_only_gateway_id": "",
            "gateway_id": "",
            "id": "r-rtb-01247a38641a2eb031080289494",
            "instance_id": "",
            "instance_owner_id": "",
            "local_gateway_id": "",
            "nat_gateway_id": "nat-0192d808566bd467e",
            "network_interface_id": "",
            "origin": "CreateRoute",
            "route_table_id": "rtb-01247a38641a2eb03",
            "state": "active",
            "timeouts": null,
            "transit_gateway_id": "",
            "vpc_endpoint_id": "",
            "vpc_peering_connection_id": ""
          },
          "sensitive_attributes": [],
          "private": "eyJlMmJmYjczMC1lY2FhLTExZTYtOGY4OC0zNDM2M2JjN2M0YzAiOnsiY3JlYXRlIjozMDAwMDAwMDAwMDAsImRlbGV0ZSI6MzAwMDAwMDAwMDAwLCJ1cGRhdGUiOjEyMDAwMDAwMDAwMH19",
          "dependencies": [
            "module.network.aws_eip.nat_a",
            "module.network.aws_nat_gateway.nat_a",
            "module.network.aws_route_table.protected_rtb_a",
            "module.network.aws_subnet.public_a",
            "module.network.aws_vpc.this"
          ]
        }
      ]
    },
    {
      "module": "module.network",
      "mode": "managed",
      "type": "aws_route",
      "name": "protected_rtb_c_ngw",
      "provider": "provider[\"registry.terraform.io/hashicorp/aws\"]",
      "instances": [
        {
          "index_key": 0,
          "schema_version": 0,
          "attributes": {
            "carrier_gateway_id": "",
            "core_network_arn": "",
            "destination_cidr_block": "0.0.0.0/0",
            "destination_ipv6_cidr_block": "",
            "destination_prefix_list_id": "",
            "egress_only_gateway_id": "",
            "gateway_id": "",
            "id": "r-rtb-02f829ea99b2198ab1080289494",
            "instance_id": "",
            "instance_owner_id": "",
            "local_gateway_id": "",
            "nat_gateway_id": "nat-0192d808566bd467e",
            "network_interface_id": "",
            "origin": "CreateRoute",
            "route_table_id": "rtb-02f829ea99b2198ab",
            "state": "active",
            "timeouts": null,
            "transit_gateway_id": "",
            "vpc_endpoint_id": "",
            "vpc_peering_connection_id": ""
          },
          "sensitive_attributes": [],
          "private": "eyJlMmJmYjczMC1lY2FhLTExZTYtOGY4OC0zNDM2M2JjN2M0YzAiOnsiY3JlYXRlIjozMDAwMDAwMDAwMDAsImRlbGV0ZSI6MzAwMDAwMDAwMDAwLCJ1cGRhdGUiOjEyMDAwMDAwMDAwMH19",
          "dependencies": [
            "module.network.aws_eip.nat_a",
            "module.network.aws_nat_gateway.nat_a",
            "module.network.aws_route_table.protected_rtb_c",
            "module.network.aws_subnet.public_a",
            "module.network.aws_vpc.this"
          ]
        }
      ]
    },
    {
      "module": "module.network",
      "mode": "managed",
      "type": "aws_route",
      "name": "public_rtb_igw",
      "provider": "provider[\"registry.terraform.io/hashicorp/aws\"]",
      "instances": [
        {
          "schema_version": 0,
          "attributes": {
            "carrier_gateway_id": "",
            "core_network_arn": "",
            "destination_cidr_block": "0.0.0.0/0",
            "destination_ipv6_cidr_block": "",
            "destination_prefix_list_id": "",
            "egress_only_gateway_id": "",
            "gateway_id": "igw-0cf36b82a7bdeb5ae",
            "id": "r-rtb-01380af96a15fd49c1080289494",
            "instance_id": "",
            "instance_owner_id": "",
            "local_gateway_id": "",
            "nat_gateway_id": "",
            "network_interface_id": "",
            "origin": "CreateRoute",
            "route_table_id": "rtb-01380af96a15fd49c",
            "state": "active",
            "timeouts": null,
            "transit_gateway_id": "",
            "vpc_endpoint_id": "",
            "vpc_peering_connection_id": ""
          },
          "sensitive_attributes": [],
          "private": "eyJlMmJmYjczMC1lY2FhLTExZTYtOGY4OC0zNDM2M2JjN2M0YzAiOnsiY3JlYXRlIjozMDAwMDAwMDAwMDAsImRlbGV0ZSI6MzAwMDAwMDAwMDAwLCJ1cGRhdGUiOjEyMDAwMDAwMDAwMH19",
          "dependencies": [
            "module.network.aws_internet_gateway.this",
            "module.network.aws_route_table.public_rtb",
            "module.network.aws_vpc.this"
          ]
        }
      ]
    },
    {
      "module": "module.network",
      "mode": "managed",
      "type": "aws_route_table",
      "name": "private_rtb",
      "provider": "provider[\"registry.terraform.io/hashicorp/aws\"]",
      "instances": [
        {
          "schema_version": 0,
          "attributes": {
            "arn": "arn:aws:ec2:ap-southeast-2:555750989087:route-table/rtb-06a5e42e30a1e9b8e",
            "id": "rtb-06a5e42e30a1e9b8e",
            "owner_id": "555750989087",
            "propagating_vgws": [],
            "route": [],
            "tags": {
              "Name": "sample-dev-private-rtb"
            },
            "tags_all": {
              "Name": "sample-dev-private-rtb"
            },
            "timeouts": null,
            "vpc_id": "vpc-0f8845cd5c0b27429"
          },
          "sensitive_attributes": [],
          "private": "eyJlMmJmYjczMC1lY2FhLTExZTYtOGY4OC0zNDM2M2JjN2M0YzAiOnsiY3JlYXRlIjozMDAwMDAwMDAwMDAsImRlbGV0ZSI6MzAwMDAwMDAwMDAwLCJ1cGRhdGUiOjEyMDAwMDAwMDAwMH19",
          "dependencies": [
            "module.network.aws_vpc.this"
          ]
        }
      ]
    },
    {
      "module": "module.network",
      "mode": "managed",
      "type": "aws_route_table",
      "name": "protected_rtb_a",
      "provider": "provider[\"registry.terraform.io/hashicorp/aws\"]",
      "instances": [
        {
          "schema_version": 0,
          "attributes": {
            "arn": "arn:aws:ec2:ap-southeast-2:555750989087:route-table/rtb-01247a38641a2eb03",
            "id": "rtb-01247a38641a2eb03",
            "owner_id": "555750989087",
            "propagating_vgws": [],
            "route": [
              {
                "carrier_gateway_id": "",
                "cidr_block": "0.0.0.0/0",
                "core_network_arn": "",
                "destination_prefix_list_id": "",
                "egress_only_gateway_id": "",
                "gateway_id": "",
                "ipv6_cidr_block": "",
                "local_gateway_id": "",
                "nat_gateway_id": "nat-0192d808566bd467e",
                "network_interface_id": "",
                "transit_gateway_id": "",
                "vpc_endpoint_id": "",
                "vpc_peering_connection_id": ""
              }
            ],
            "tags": {
              "Name": "sample-dev-protected-rtb-a"
            },
            "tags_all": {
              "Name": "sample-dev-protected-rtb-a"
            },
            "timeouts": null,
            "vpc_id": "vpc-0f8845cd5c0b27429"
          },
          "sensitive_attributes": [],
          "private": "eyJlMmJmYjczMC1lY2FhLTExZTYtOGY4OC0zNDM2M2JjN2M0YzAiOnsiY3JlYXRlIjozMDAwMDAwMDAwMDAsImRlbGV0ZSI6MzAwMDAwMDAwMDAwLCJ1cGRhdGUiOjEyMDAwMDAwMDAwMH19",
          "dependencies": [
            "module.network.aws_vpc.this"
          ]
        }
      ]
    },
    {
      "module": "module.network",
      "mode": "managed",
      "type": "aws_route_table",
      "name": "protected_rtb_c",
      "provider": "provider[\"registry.terraform.io/hashicorp/aws\"]",
      "instances": [
        {
          "schema_version": 0,
          "attributes": {
            "arn": "arn:aws:ec2:ap-southeast-2:555750989087:route-table/rtb-02f829ea99b2198ab",
            "id": "rtb-02f829ea99b2198ab",
            "owner_id": "555750989087",
            "propagating_vgws": [],
            "route": [
              {
                "carrier_gateway_id": "",
                "cidr_block": "0.0.0.0/0",
                "core_network_arn": "",
                "destination_prefix_list_id": "",
                "egress_only_gateway_id": "",
                "gateway_id": "",
                "ipv6_cidr_block": "",
                "local_gateway_id": "",
                "nat_gateway_id": "nat-0192d808566bd467e",
                "network_interface_id": "",
                "transit_gateway_id": "",
                "vpc_endpoint_id": "",
                "vpc_peering_connection_id": ""
              }
            ],
            "tags": {
              "Name": "sample-dev-protected-rtb-c"
            },
            "tags_all": {
              "Name": "sample-dev-protected-rtb-c"
            },
            "timeouts": null,
            "vpc_id": "vpc-0f8845cd5c0b27429"
          },
          "sensitive_attributes": [],
          "private": "eyJlMmJmYjczMC1lY2FhLTExZTYtOGY4OC0zNDM2M2JjN2M0YzAiOnsiY3JlYXRlIjozMDAwMDAwMDAwMDAsImRlbGV0ZSI6MzAwMDAwMDAwMDAwLCJ1cGRhdGUiOjEyMDAwMDAwMDAwMH19",
          "dependencies": [
            "module.network.aws_vpc.this"
          ]
        }
      ]
    },
    {
      "module": "module.network",
      "mode": "managed",
      "type": "aws_route_table",
      "name": "public_rtb",
      "provider": "provider[\"registry.terraform.io/hashicorp/aws\"]",
      "instances": [
        {
          "schema_version": 0,
          "attributes": {
            "arn": "arn:aws:ec2:ap-southeast-2:555750989087:route-table/rtb-01380af96a15fd49c",
            "id": "rtb-01380af96a15fd49c",
            "owner_id": "555750989087",
            "propagating_vgws": [],
            "route": [
              {
                "carrier_gateway_id": "",
                "cidr_block": "0.0.0.0/0",
                "core_network_arn": "",
                "destination_prefix_list_id": "",
                "egress_only_gateway_id": "",
                "gateway_id": "igw-0cf36b82a7bdeb5ae",
                "ipv6_cidr_block": "",
                "local_gateway_id": "",
                "nat_gateway_id": "",
                "network_interface_id": "",
                "transit_gateway_id": "",
                "vpc_endpoint_id": "",
                "vpc_peering_connection_id": ""
              }
            ],
            "tags": {
              "Name": "sample-dev-public-rtb"
            },
            "tags_all": {
              "Name": "sample-dev-public-rtb"
            },
            "timeouts": null,
            "vpc_id": "vpc-0f8845cd5c0b27429"
          },
          "sensitive_attributes": [],
          "private": "eyJlMmJmYjczMC1lY2FhLTExZTYtOGY4OC0zNDM2M2JjN2M0YzAiOnsiY3JlYXRlIjozMDAwMDAwMDAwMDAsImRlbGV0ZSI6MzAwMDAwMDAwMDAwLCJ1cGRhdGUiOjEyMDAwMDAwMDAwMH19",
          "dependencies": [
            "module.network.aws_vpc.this"
          ]
        }
      ]
    },
    {
      "module": "module.network",
      "mode": "managed",
      "type": "aws_route_table_association",
      "name": "private_a",
      "provider": "provider[\"registry.terraform.io/hashicorp/aws\"]",
      "instances": [
        {
          "schema_version": 0,
          "attributes": {
            "gateway_id": "",
            "id": "rtbassoc-04f42ab77d3f84815",
            "route_table_id": "rtb-06a5e42e30a1e9b8e",
            "subnet_id": "subnet-09ead98687ac56c1f",
            "timeouts": null
          },
          "sensitive_attributes": [],
          "private": "eyJlMmJmYjczMC1lY2FhLTExZTYtOGY4OC0zNDM2M2JjN2M0YzAiOnsiY3JlYXRlIjozMDAwMDAwMDAwMDAsImRlbGV0ZSI6MzAwMDAwMDAwMDAwLCJ1cGRhdGUiOjEyMDAwMDAwMDAwMH19",
          "dependencies": [
            "module.network.aws_route_table.private_rtb",
            "module.network.aws_subnet.private_a",
            "module.network.aws_vpc.this"
          ]
        }
      ]
    },
    {
      "module": "module.network",
      "mode": "managed",
      "type": "aws_route_table_association",
      "name": "private_c",
      "provider": "provider[\"registry.terraform.io/hashicorp/aws\"]",
      "instances": [
        {
          "schema_version": 0,
          "attributes": {
            "gateway_id": "",
            "id": "rtbassoc-0878c417a20ebbf38",
            "route_table_id": "rtb-06a5e42e30a1e9b8e",
            "subnet_id": "subnet-05efcdfb21950229e",
            "timeouts": null
          },
          "sensitive_attributes": [],
          "private": "eyJlMmJmYjczMC1lY2FhLTExZTYtOGY4OC0zNDM2M2JjN2M0YzAiOnsiY3JlYXRlIjozMDAwMDAwMDAwMDAsImRlbGV0ZSI6MzAwMDAwMDAwMDAwLCJ1cGRhdGUiOjEyMDAwMDAwMDAwMH19",
          "dependencies": [
            "module.network.aws_route_table.private_rtb",
            "module.network.aws_subnet.private_c",
            "module.network.aws_vpc.this"
          ]
        }
      ]
    },
    {
      "module": "module.network",
      "mode": "managed",
      "type": "aws_route_table_association",
      "name": "protected_a",
      "provider": "provider[\"registry.terraform.io/hashicorp/aws\"]",
      "instances": [
        {
          "schema_version": 0,
          "attributes": {
            "gateway_id": "",
            "id": "rtbassoc-0ed06189096a73a73",
            "route_table_id": "rtb-01247a38641a2eb03",
            "subnet_id": "subnet-00354107b47f541d8",
            "timeouts": null
          },
          "sensitive_attributes": [],
          "private": "eyJlMmJmYjczMC1lY2FhLTExZTYtOGY4OC0zNDM2M2JjN2M0YzAiOnsiY3JlYXRlIjozMDAwMDAwMDAwMDAsImRlbGV0ZSI6MzAwMDAwMDAwMDAwLCJ1cGRhdGUiOjEyMDAwMDAwMDAwMH19",
          "dependencies": [
            "module.network.aws_route_table.protected_rtb_a",
            "module.network.aws_subnet.protected_a",
            "module.network.aws_vpc.this"
          ]
        }
      ]
    },
    {
      "module": "module.network",
      "mode": "managed",
      "type": "aws_route_table_association",
      "name": "protected_c",
      "provider": "provider[\"registry.terraform.io/hashicorp/aws\"]",
      "instances": [
        {
          "schema_version": 0,
          "attributes": {
            "gateway_id": "",
            "id": "rtbassoc-068337e1cb4ab1f02",
            "route_table_id": "rtb-02f829ea99b2198ab",
            "subnet_id": "subnet-07cdc8f5ca3123b2b",
            "timeouts": null
          },
          "sensitive_attributes": [],
          "private": "eyJlMmJmYjczMC1lY2FhLTExZTYtOGY4OC0zNDM2M2JjN2M0YzAiOnsiY3JlYXRlIjozMDAwMDAwMDAwMDAsImRlbGV0ZSI6MzAwMDAwMDAwMDAwLCJ1cGRhdGUiOjEyMDAwMDAwMDAwMH19",
          "dependencies": [
            "module.network.aws_route_table.protected_rtb_c",
            "module.network.aws_subnet.protected_c",
            "module.network.aws_vpc.this"
          ]
        }
      ]
    },
    {
      "module": "module.network",
      "mode": "managed",
      "type": "aws_route_table_association",
      "name": "public_a",
      "provider": "provider[\"registry.terraform.io/hashicorp/aws\"]",
      "instances": [
        {
          "schema_version": 0,
          "attributes": {
            "gateway_id": "",
            "id": "rtbassoc-049453eeb2d462707",
            "route_table_id": "rtb-01380af96a15fd49c",
            "subnet_id": "subnet-00fcf9f1400d0ec3b",
            "timeouts": null
          },
          "sensitive_attributes": [],
          "private": "eyJlMmJmYjczMC1lY2FhLTExZTYtOGY4OC0zNDM2M2JjN2M0YzAiOnsiY3JlYXRlIjozMDAwMDAwMDAwMDAsImRlbGV0ZSI6MzAwMDAwMDAwMDAwLCJ1cGRhdGUiOjEyMDAwMDAwMDAwMH19",
          "dependencies": [
            "module.network.aws_route_table.public_rtb",
            "module.network.aws_subnet.public_a",
            "module.network.aws_vpc.this"
          ]
        }
      ]
    },
    {
      "module": "module.network",
      "mode": "managed",
      "type": "aws_route_table_association",
      "name": "public_c",
      "provider": "provider[\"registry.terraform.io/hashicorp/aws\"]",
      "instances": [
        {
          "schema_version": 0,
          "attributes": {
            "gateway_id": "",
            "id": "rtbassoc-0fbdb9532c53a4f87",
            "route_table_id": "rtb-01380af96a15fd49c",
            "subnet_id": "subnet-04cd4a3cc3cadf3cb",
            "timeouts": null
          },
          "sensitive_attributes": [],
          "private": "eyJlMmJmYjczMC1lY2FhLTExZTYtOGY4OC0zNDM2M2JjN2M0YzAiOnsiY3JlYXRlIjozMDAwMDAwMDAwMDAsImRlbGV0ZSI6MzAwMDAwMDAwMDAwLCJ1cGRhdGUiOjEyMDAwMDAwMDAwMH19",
          "dependencies": [
            "module.network.aws_route_table.public_rtb",
            "module.network.aws_subnet.public_c",
            "module.network.aws_vpc.this"
          ]
        }
      ]
    },
    {
      "module": "module.network",
      "mode": "managed",
      "type": "aws_security_group",
      "name": "alb",
      "provider": "provider[\"registry.terraform.io/hashicorp/aws\"]",
      "instances": [
        {
          "schema_version": 1,
          "attributes": {
            "arn": "arn:aws:ec2:ap-southeast-2:555750989087:security-group/sg-07ac77206d9d1f250",
            "description": "sample-dev-alb-sg",
            "egress": [
              {
                "cidr_blocks": [
                  "0.0.0.0/0"
                ],
                "description": "",
                "from_port": 0,
                "ipv6_cidr_blocks": [],
                "prefix_list_ids": [],
                "protocol": "-1",
                "security_groups": [],
                "self": false,
                "to_port": 0
              }
            ],
            "id": "sg-07ac77206d9d1f250",
            "ingress": [
              {
                "cidr_blocks": [
                  "0.0.0.0/0"
                ],
                "description": "any",
                "from_port": 443,
                "ipv6_cidr_blocks": [],
                "prefix_list_ids": [],
                "protocol": "tcp",
                "security_groups": [],
                "self": false,
                "to_port": 443
              },
              {
                "cidr_blocks": [
                  "0.0.0.0/0"
                ],
                "description": "any",
                "from_port": 8080,
                "ipv6_cidr_blocks": [],
                "prefix_list_ids": [],
                "protocol": "tcp",
                "security_groups": [],
                "self": false,
                "to_port": 8080
              },
              {
                "cidr_blocks": [
                  "0.0.0.0/0"
                ],
                "description": "any",
                "from_port": 80,
                "ipv6_cidr_blocks": [],
                "prefix_list_ids": [],
                "protocol": "tcp",
                "security_groups": [],
                "self": false,
                "to_port": 80
              }
            ],
            "name": "sample-dev-alb-sg",
            "name_prefix": "",
            "owner_id": "555750989087",
            "revoke_rules_on_delete": false,
            "tags": {
              "Name": "sample-dev-alb-sg"
            },
            "tags_all": {
              "Name": "sample-dev-alb-sg"
            },
            "timeouts": null,
            "vpc_id": "vpc-0f8845cd5c0b27429"
          },
          "sensitive_attributes": [],
          "private": "eyJlMmJmYjczMC1lY2FhLTExZTYtOGY4OC0zNDM2M2JjN2M0YzAiOnsiY3JlYXRlIjo2MDAwMDAwMDAwMDAsImRlbGV0ZSI6OTAwMDAwMDAwMDAwfSwic2NoZW1hX3ZlcnNpb24iOiIxIn0=",
          "dependencies": [
            "module.network.aws_vpc.this"
          ]
        }
      ]
    },
    {
      "module": "module.network",
      "mode": "managed",
      "type": "aws_security_group",
      "name": "fargate_ecs_task",
      "provider": "provider[\"registry.terraform.io/hashicorp/aws\"]",
      "instances": [
        {
          "schema_version": 1,
          "attributes": {
            "arn": "arn:aws:ec2:ap-southeast-2:555750989087:security-group/sg-0b767ed6aec3dcf26",
            "description": "sample-dev-fargate-ecs-task-sg",
            "egress": [
              {
                "cidr_blocks": [
                  "0.0.0.0/0"
                ],
                "description": "",
                "from_port": 0,
                "ipv6_cidr_blocks": [],
                "prefix_list_ids": [],
                "protocol": "-1",
                "security_groups": [],
                "self": false,
                "to_port": 0
              }
            ],
            "id": "sg-0b767ed6aec3dcf26",
            "ingress": [
              {
                "cidr_blocks": [],
                "description": "sample-dev-alb-sg",
                "from_port": 80,
                "ipv6_cidr_blocks": [],
                "prefix_list_ids": [],
                "protocol": "tcp",
                "security_groups": [
                  "sg-07ac77206d9d1f250"
                ],
                "self": false,
                "to_port": 80
              }
            ],
            "name": "sample-dev-fargate-ecs-task-sg",
            "name_prefix": "",
            "owner_id": "555750989087",
            "revoke_rules_on_delete": false,
            "tags": {
              "Name": "sample-dev-fargate-ecs-task-sg"
            },
            "tags_all": {
              "Name": "sample-dev-fargate-ecs-task-sg"
            },
            "timeouts": null,
            "vpc_id": "vpc-0f8845cd5c0b27429"
          },
          "sensitive_attributes": [],
          "private": "eyJlMmJmYjczMC1lY2FhLTExZTYtOGY4OC0zNDM2M2JjN2M0YzAiOnsiY3JlYXRlIjo2MDAwMDAwMDAwMDAsImRlbGV0ZSI6OTAwMDAwMDAwMDAwfSwic2NoZW1hX3ZlcnNpb24iOiIxIn0=",
          "dependencies": [
            "module.network.aws_security_group.alb",
            "module.network.aws_vpc.this"
          ]
        }
      ]
    },
    {
      "module": "module.network",
      "mode": "managed",
      "type": "aws_security_group",
      "name": "rds",
      "provider": "provider[\"registry.terraform.io/hashicorp/aws\"]",
      "instances": [
        {
          "schema_version": 1,
          "attributes": {
            "arn": "arn:aws:ec2:ap-southeast-2:555750989087:security-group/sg-0dc86dd448c784726",
            "description": "sample-dev-rds-sg",
            "egress": [
              {
                "cidr_blocks": [
                  "0.0.0.0/0"
                ],
                "description": "",
                "from_port": 0,
                "ipv6_cidr_blocks": [],
                "prefix_list_ids": [],
                "protocol": "-1",
                "security_groups": [],
                "self": false,
                "to_port": 0
              }
            ],
            "id": "sg-0dc86dd448c784726",
            "ingress": [
              {
                "cidr_blocks": [],
                "description": "sample-dev-fargate-ecs-task-sg",
                "from_port": 3306,
                "ipv6_cidr_blocks": [],
                "prefix_list_ids": [],
                "protocol": "tcp",
                "security_groups": [
                  "sg-0b767ed6aec3dcf26"
                ],
                "self": false,
                "to_port": 3306
              }
            ],
            "name": "sample-dev-rds-sg",
            "name_prefix": "",
            "owner_id": "555750989087",
            "revoke_rules_on_delete": false,
            "tags": {
              "Name": "sample-dev-rds-sg"
            },
            "tags_all": {
              "Name": "sample-dev-rds-sg"
            },
            "timeouts": null,
            "vpc_id": "vpc-0f8845cd5c0b27429"
          },
          "sensitive_attributes": [],
          "private": "eyJlMmJmYjczMC1lY2FhLTExZTYtOGY4OC0zNDM2M2JjN2M0YzAiOnsiY3JlYXRlIjo2MDAwMDAwMDAwMDAsImRlbGV0ZSI6OTAwMDAwMDAwMDAwfSwic2NoZW1hX3ZlcnNpb24iOiIxIn0=",
          "dependencies": [
            "module.network.aws_security_group.alb",
            "module.network.aws_security_group.fargate_ecs_task",
            "module.network.aws_vpc.this"
          ]
        }
      ]
    },
    {
      "module": "module.network",
      "mode": "managed",
      "type": "aws_subnet",
      "name": "private_a",
      "provider": "provider[\"registry.terraform.io/hashicorp/aws\"]",
      "instances": [
        {
          "schema_version": 1,
          "attributes": {
            "arn": "arn:aws:ec2:ap-southeast-2:555750989087:subnet/subnet-09ead98687ac56c1f",
            "assign_ipv6_address_on_creation": false,
            "availability_zone": "ap-southeast-2a",
            "availability_zone_id": "apse2-az3",
            "cidr_block": "10.0.5.0/24",
            "customer_owned_ipv4_pool": "",
            "enable_dns64": false,
            "enable_lni_at_device_index": 0,
            "enable_resource_name_dns_a_record_on_launch": false,
            "enable_resource_name_dns_aaaa_record_on_launch": false,
            "id": "subnet-09ead98687ac56c1f",
            "ipv6_cidr_block": "",
            "ipv6_cidr_block_association_id": "",
            "ipv6_native": false,
            "map_customer_owned_ip_on_launch": false,
            "map_public_ip_on_launch": false,
            "outpost_arn": "",
            "owner_id": "555750989087",
            "private_dns_hostname_type_on_launch": "ip-name",
            "tags": {
              "Name": "sample-dev-private-subnet-a"
            },
            "tags_all": {
              "Name": "sample-dev-private-subnet-a"
            },
            "timeouts": null,
            "vpc_id": "vpc-0f8845cd5c0b27429"
          },
          "sensitive_attributes": [],
          "private": "eyJlMmJmYjczMC1lY2FhLTExZTYtOGY4OC0zNDM2M2JjN2M0YzAiOnsiY3JlYXRlIjo2MDAwMDAwMDAwMDAsImRlbGV0ZSI6MTIwMDAwMDAwMDAwMH0sInNjaGVtYV92ZXJzaW9uIjoiMSJ9",
          "dependencies": [
            "module.network.aws_vpc.this"
          ]
        }
      ]
    },
    {
      "module": "module.network",
      "mode": "managed",
      "type": "aws_subnet",
      "name": "private_c",
      "provider": "provider[\"registry.terraform.io/hashicorp/aws\"]",
      "instances": [
        {
          "schema_version": 1,
          "attributes": {
            "arn": "arn:aws:ec2:ap-southeast-2:555750989087:subnet/subnet-05efcdfb21950229e",
            "assign_ipv6_address_on_creation": false,
            "availability_zone": "ap-southeast-2c",
            "availability_zone_id": "apse2-az2",
            "cidr_block": "10.0.6.0/24",
            "customer_owned_ipv4_pool": "",
            "enable_dns64": false,
            "enable_lni_at_device_index": 0,
            "enable_resource_name_dns_a_record_on_launch": false,
            "enable_resource_name_dns_aaaa_record_on_launch": false,
            "id": "subnet-05efcdfb21950229e",
            "ipv6_cidr_block": "",
            "ipv6_cidr_block_association_id": "",
            "ipv6_native": false,
            "map_customer_owned_ip_on_launch": false,
            "map_public_ip_on_launch": false,
            "outpost_arn": "",
            "owner_id": "555750989087",
            "private_dns_hostname_type_on_launch": "ip-name",
            "tags": {
              "Name": "sample-dev-private-subnet-c"
            },
            "tags_all": {
              "Name": "sample-dev-private-subnet-c"
            },
            "timeouts": null,
            "vpc_id": "vpc-0f8845cd5c0b27429"
          },
          "sensitive_attributes": [],
          "private": "eyJlMmJmYjczMC1lY2FhLTExZTYtOGY4OC0zNDM2M2JjN2M0YzAiOnsiY3JlYXRlIjo2MDAwMDAwMDAwMDAsImRlbGV0ZSI6MTIwMDAwMDAwMDAwMH0sInNjaGVtYV92ZXJzaW9uIjoiMSJ9",
          "dependencies": [
            "module.network.aws_vpc.this"
          ]
        }
      ]
    },
    {
      "module": "module.network",
      "mode": "managed",
      "type": "aws_subnet",
      "name": "protected_a",
      "provider": "provider[\"registry.terraform.io/hashicorp/aws\"]",
      "instances": [
        {
          "schema_version": 1,
          "attributes": {
            "arn": "arn:aws:ec2:ap-southeast-2:555750989087:subnet/subnet-00354107b47f541d8",
            "assign_ipv6_address_on_creation": false,
            "availability_zone": "ap-southeast-2a",
            "availability_zone_id": "apse2-az3",
            "cidr_block": "10.0.3.0/24",
            "customer_owned_ipv4_pool": "",
            "enable_dns64": false,
            "enable_lni_at_device_index": 0,
            "enable_resource_name_dns_a_record_on_launch": false,
            "enable_resource_name_dns_aaaa_record_on_launch": false,
            "id": "subnet-00354107b47f541d8",
            "ipv6_cidr_block": "",
            "ipv6_cidr_block_association_id": "",
            "ipv6_native": false,
            "map_customer_owned_ip_on_launch": false,
            "map_public_ip_on_launch": false,
            "outpost_arn": "",
            "owner_id": "555750989087",
            "private_dns_hostname_type_on_launch": "ip-name",
            "tags": {
              "Name": "sample-dev-protected-subnet-a"
            },
            "tags_all": {
              "Name": "sample-dev-protected-subnet-a"
            },
            "timeouts": null,
            "vpc_id": "vpc-0f8845cd5c0b27429"
          },
          "sensitive_attributes": [],
          "private": "eyJlMmJmYjczMC1lY2FhLTExZTYtOGY4OC0zNDM2M2JjN2M0YzAiOnsiY3JlYXRlIjo2MDAwMDAwMDAwMDAsImRlbGV0ZSI6MTIwMDAwMDAwMDAwMH0sInNjaGVtYV92ZXJzaW9uIjoiMSJ9",
          "dependencies": [
            "module.network.aws_vpc.this"
          ]
        }
      ]
    },
    {
      "module": "module.network",
      "mode": "managed",
      "type": "aws_subnet",
      "name": "protected_c",
      "provider": "provider[\"registry.terraform.io/hashicorp/aws\"]",
      "instances": [
        {
          "schema_version": 1,
          "attributes": {
            "arn": "arn:aws:ec2:ap-southeast-2:555750989087:subnet/subnet-07cdc8f5ca3123b2b",
            "assign_ipv6_address_on_creation": false,
            "availability_zone": "ap-southeast-2c",
            "availability_zone_id": "apse2-az2",
            "cidr_block": "10.0.4.0/24",
            "customer_owned_ipv4_pool": "",
            "enable_dns64": false,
            "enable_lni_at_device_index": 0,
            "enable_resource_name_dns_a_record_on_launch": false,
            "enable_resource_name_dns_aaaa_record_on_launch": false,
            "id": "subnet-07cdc8f5ca3123b2b",
            "ipv6_cidr_block": "",
            "ipv6_cidr_block_association_id": "",
            "ipv6_native": false,
            "map_customer_owned_ip_on_launch": false,
            "map_public_ip_on_launch": false,
            "outpost_arn": "",
            "owner_id": "555750989087",
            "private_dns_hostname_type_on_launch": "ip-name",
            "tags": {
              "Name": "sample-dev-protected-subnet-c"
            },
            "tags_all": {
              "Name": "sample-dev-protected-subnet-c"
            },
            "timeouts": null,
            "vpc_id": "vpc-0f8845cd5c0b27429"
          },
          "sensitive_attributes": [],
          "private": "eyJlMmJmYjczMC1lY2FhLTExZTYtOGY4OC0zNDM2M2JjN2M0YzAiOnsiY3JlYXRlIjo2MDAwMDAwMDAwMDAsImRlbGV0ZSI6MTIwMDAwMDAwMDAwMH0sInNjaGVtYV92ZXJzaW9uIjoiMSJ9",
          "dependencies": [
            "module.network.aws_vpc.this"
          ]
        }
      ]
    },
    {
      "module": "module.network",
      "mode": "managed",
      "type": "aws_subnet",
      "name": "public_a",
      "provider": "provider[\"registry.terraform.io/hashicorp/aws\"]",
      "instances": [
        {
          "schema_version": 1,
          "attributes": {
            "arn": "arn:aws:ec2:ap-southeast-2:555750989087:subnet/subnet-00fcf9f1400d0ec3b",
            "assign_ipv6_address_on_creation": false,
            "availability_zone": "ap-southeast-2a",
            "availability_zone_id": "apse2-az3",
            "cidr_block": "10.0.1.0/24",
            "customer_owned_ipv4_pool": "",
            "enable_dns64": false,
            "enable_lni_at_device_index": 0,
            "enable_resource_name_dns_a_record_on_launch": false,
            "enable_resource_name_dns_aaaa_record_on_launch": false,
            "id": "subnet-00fcf9f1400d0ec3b",
            "ipv6_cidr_block": "",
            "ipv6_cidr_block_association_id": "",
            "ipv6_native": false,
            "map_customer_owned_ip_on_launch": false,
            "map_public_ip_on_launch": false,
            "outpost_arn": "",
            "owner_id": "555750989087",
            "private_dns_hostname_type_on_launch": "ip-name",
            "tags": {
              "Name": "sample-dev-public-subnet-a"
            },
            "tags_all": {
              "Name": "sample-dev-public-subnet-a"
            },
            "timeouts": null,
            "vpc_id": "vpc-0f8845cd5c0b27429"
          },
          "sensitive_attributes": [],
          "private": "eyJlMmJmYjczMC1lY2FhLTExZTYtOGY4OC0zNDM2M2JjN2M0YzAiOnsiY3JlYXRlIjo2MDAwMDAwMDAwMDAsImRlbGV0ZSI6MTIwMDAwMDAwMDAwMH0sInNjaGVtYV92ZXJzaW9uIjoiMSJ9",
          "dependencies": [
            "module.network.aws_vpc.this"
          ]
        }
      ]
    },
    {
      "module": "module.network",
      "mode": "managed",
      "type": "aws_subnet",
      "name": "public_c",
      "provider": "provider[\"registry.terraform.io/hashicorp/aws\"]",
      "instances": [
        {
          "schema_version": 1,
          "attributes": {
            "arn": "arn:aws:ec2:ap-southeast-2:555750989087:subnet/subnet-04cd4a3cc3cadf3cb",
            "assign_ipv6_address_on_creation": false,
            "availability_zone": "ap-southeast-2c",
            "availability_zone_id": "apse2-az2",
            "cidr_block": "10.0.2.0/24",
            "customer_owned_ipv4_pool": "",
            "enable_dns64": false,
            "enable_lni_at_device_index": 0,
            "enable_resource_name_dns_a_record_on_launch": false,
            "enable_resource_name_dns_aaaa_record_on_launch": false,
            "id": "subnet-04cd4a3cc3cadf3cb",
            "ipv6_cidr_block": "",
            "ipv6_cidr_block_association_id": "",
            "ipv6_native": false,
            "map_customer_owned_ip_on_launch": false,
            "map_public_ip_on_launch": false,
            "outpost_arn": "",
            "owner_id": "555750989087",
            "private_dns_hostname_type_on_launch": "ip-name",
            "tags": {
              "Name": "sample-dev-public-subnet-c"
            },
            "tags_all": {
              "Name": "sample-dev-public-subnet-c"
            },
            "timeouts": null,
            "vpc_id": "vpc-0f8845cd5c0b27429"
          },
          "sensitive_attributes": [],
          "private": "eyJlMmJmYjczMC1lY2FhLTExZTYtOGY4OC0zNDM2M2JjN2M0YzAiOnsiY3JlYXRlIjo2MDAwMDAwMDAwMDAsImRlbGV0ZSI6MTIwMDAwMDAwMDAwMH0sInNjaGVtYV92ZXJzaW9uIjoiMSJ9",
          "dependencies": [
            "module.network.aws_vpc.this"
          ]
        }
      ]
    },
    {
      "module": "module.network",
      "mode": "managed",
      "type": "aws_vpc",
      "name": "this",
      "provider": "provider[\"registry.terraform.io/hashicorp/aws\"]",
      "instances": [
        {
          "schema_version": 1,
          "attributes": {
            "arn": "arn:aws:ec2:ap-southeast-2:555750989087:vpc/vpc-0f8845cd5c0b27429",
            "assign_generated_ipv6_cidr_block": false,
            "cidr_block": "10.0.0.0/16",
            "default_network_acl_id": "acl-0e901c2e11c8551b2",
            "default_route_table_id": "rtb-06873b4643dc3f5ab",
            "default_security_group_id": "sg-0e820270b7d2f9fcf",
            "dhcp_options_id": "dopt-69dcc70e",
            "enable_dns_hostnames": true,
            "enable_dns_support": true,
            "enable_network_address_usage_metrics": false,
            "id": "vpc-0f8845cd5c0b27429",
            "instance_tenancy": "default",
            "ipv4_ipam_pool_id": null,
            "ipv4_netmask_length": null,
            "ipv6_association_id": "",
            "ipv6_cidr_block": "",
            "ipv6_cidr_block_network_border_group": "",
            "ipv6_ipam_pool_id": "",
            "ipv6_netmask_length": 0,
            "main_route_table_id": "rtb-06873b4643dc3f5ab",
            "owner_id": "555750989087",
            "tags": {
              "Name": "sample-dev-vpc"
            },
            "tags_all": {
              "Name": "sample-dev-vpc"
            }
          },
          "sensitive_attributes": [],
          "private": "eyJzY2hlbWFfdmVyc2lvbiI6IjEifQ=="
        }
      ]
    },
    {
      "module": "module.network",
      "mode": "managed",
      "type": "aws_vpc_endpoint",
      "name": "dynamodb",
      "provider": "provider[\"registry.terraform.io/hashicorp/aws\"]",
      "instances": [
        {
          "schema_version": 0,
          "attributes": {
            "arn": "arn:aws:ec2:ap-southeast-2:555750989087:vpc-endpoint/vpce-041f840b312519797",
            "auto_accept": null,
            "cidr_blocks": [
              "52.94.13.0/24",
              "35.71.97.0/25",
              "35.71.97.128/26"
            ],
            "dns_entry": [],
            "dns_options": [],
            "id": "vpce-041f840b312519797",
            "ip_address_type": "",
            "network_interface_ids": [],
            "owner_id": "555750989087",
            "policy": "{\"Statement\":[{\"Action\":\"*\",\"Effect\":\"Allow\",\"Principal\":\"*\",\"Resource\":\"*\"}],\"Version\":\"2008-10-17\"}",
            "prefix_list_id": "pl-62a5400b",
            "private_dns_enabled": false,
            "requester_managed": false,
            "resource_configuration_arn": "",
            "route_table_ids": [
              "rtb-01247a38641a2eb03",
              "rtb-01380af96a15fd49c",
              "rtb-02f829ea99b2198ab"
            ],
            "security_group_ids": [],
            "service_name": "com.amazonaws.ap-southeast-2.dynamodb",
            "service_network_arn": "",
            "service_region": "ap-southeast-2",
            "state": "available",
            "subnet_configuration": [],
            "subnet_ids": [],
            "tags": {
              "Name": "sample-dev-vpce-dynamodb"
            },
            "tags_all": {
              "Name": "sample-dev-vpce-dynamodb"
            },
            "timeouts": null,
            "vpc_endpoint_type": "Gateway",
            "vpc_id": "vpc-0f8845cd5c0b27429"
          },
          "sensitive_attributes": [],
          "private": "eyJlMmJmYjczMC1lY2FhLTExZTYtOGY4OC0zNDM2M2JjN2M0YzAiOnsiY3JlYXRlIjo2MDAwMDAwMDAwMDAsImRlbGV0ZSI6NjAwMDAwMDAwMDAwLCJ1cGRhdGUiOjYwMDAwMDAwMDAwMH19",
          "dependencies": [
            "module.network.aws_route_table.protected_rtb_a",
            "module.network.aws_route_table.protected_rtb_c",
            "module.network.aws_route_table.public_rtb",
            "module.network.aws_vpc.this"
          ]
        }
      ]
    },
    {
      "module": "module.network",
      "mode": "managed",
      "type": "aws_vpc_endpoint",
      "name": "s3",
      "provider": "provider[\"registry.terraform.io/hashicorp/aws\"]",
      "instances": [
        {
          "schema_version": 0,
          "attributes": {
            "arn": "arn:aws:ec2:ap-southeast-2:555750989087:vpc-endpoint/vpce-04190a615bad24619",
            "auto_accept": null,
            "cidr_blocks": [
              "3.5.164.0/22",
              "16.12.74.0/24",
              "3.5.168.0/23",
              "52.95.128.0/21"
            ],
            "dns_entry": [],
            "dns_options": [],
            "id": "vpce-04190a615bad24619",
            "ip_address_type": "",
            "network_interface_ids": [],
            "owner_id": "555750989087",
            "policy": "{\"Statement\":[{\"Action\":\"*\",\"Effect\":\"Allow\",\"Principal\":\"*\",\"Resource\":\"*\"}],\"Version\":\"2008-10-17\"}",
            "prefix_list_id": "pl-6ca54005",
            "private_dns_enabled": false,
            "requester_managed": false,
            "resource_configuration_arn": "",
            "route_table_ids": [
              "rtb-01247a38641a2eb03",
              "rtb-01380af96a15fd49c",
              "rtb-02f829ea99b2198ab"
            ],
            "security_group_ids": [],
            "service_name": "com.amazonaws.ap-southeast-2.s3",
            "service_network_arn": "",
            "service_region": "ap-southeast-2",
            "state": "available",
            "subnet_configuration": [],
            "subnet_ids": [],
            "tags": {
              "Name": "sample-dev-vpce-s3"
            },
            "tags_all": {
              "Name": "sample-dev-vpce-s3"
            },
            "timeouts": null,
            "vpc_endpoint_type": "Gateway",
            "vpc_id": "vpc-0f8845cd5c0b27429"
          },
          "sensitive_attributes": [],
          "private": "eyJlMmJmYjczMC1lY2FhLTExZTYtOGY4OC0zNDM2M2JjN2M0YzAiOnsiY3JlYXRlIjo2MDAwMDAwMDAwMDAsImRlbGV0ZSI6NjAwMDAwMDAwMDAwLCJ1cGRhdGUiOjYwMDAwMDAwMDAwMH19",
          "dependencies": [
            "module.network.aws_route_table.protected_rtb_a",
            "module.network.aws_route_table.protected_rtb_c",
            "module.network.aws_route_table.public_rtb",
            "module.network.aws_vpc.this"
          ]
        }
      ]
    }
  ],
  "check_results": null
}
